PODS:
  - Masonry (1.0.2)
  - MJRefresh (3.1.12)
  - YYCache (1.0.4)
  - YYImage (1.0.4):
    - YYImage/Core (= 1.0.4)
  - YYImage/Core (1.0.4)
  - YYWebImage (1.0.5):
    - YYCache
    - YYImage

DEPENDENCIES:
  - Masonry (~> 1.0.0)
  - MJRefresh (~> 3.1.7)
  - YYWebImage

SPEC CHECKSUMS:
  Masonry: 7c429b56da9d4ee0bbb3ed77a5ea710d6a5df39e
  MJRefresh: b96cdb21c4aa75a7b07654311ab2f315c497e806
  YYCache: 8105b6638f5e849296c71f331ff83891a4942952
  YYImage: 1e1b62a9997399593e4b9c4ecfbbabbf1d3f3b54
  YYWebImage: 5f7f36aee2ae293f016d418c7d6ba05c4863e928

PODFILE CHECKSUM: 8b6c8d19fead8dcdd1b2d92241a8d4e5cced7906

COCOAPODS: 1.2.0.beta.1
