// !$*UTF8*$!
{
	archiveVersion = 1;
	classes = {
	};
	objectVersion = 46;
	objects = {

/* Begin PBXBuildFile section */
		254FFB80A1022A46D559E7B0 /* libPods-WidgetsTests.a in Frameworks */ = {isa = PBXBuildFile; fileRef = 27FB6D33A159A456C34ACD48 /* libPods-WidgetsTests.a */; };
		59C443C74DE593B850480013 /* libPods-WidgetsUITests.a in Frameworks */ = {isa = PBXBuildFile; fileRef = 1D7F302DFB61A5D0DE3AFA9A /* libPods-WidgetsUITests.a */; };
		5A2AAFB7FE5522D3D7980DD5 /* libPods-Widgets.a in Frameworks */ = {isa = PBXBuildFile; fileRef = 5B06B64798A534068B82B7E5 /* libPods-Widgets.a */; };
		C44E3A1A1F346D1600C78E37 /* Assets.xcassets in Resources */ = {isa = PBXBuildFile; fileRef = C44E3A191F346D1600C78E37 /* Assets.xcassets */; };
		C44E3A1D1F346D1600C78E37 /* LaunchScreen.storyboard in Resources */ = {isa = PBXBuildFile; fileRef = C44E3A1B1F346D1600C78E37 /* LaunchScreen.storyboard */; };
		C44E3A281F346D1600C78E37 /* WidgetsTests.m in Sources */ = {isa = PBXBuildFile; fileRef = C44E3A271F346D1600C78E37 /* WidgetsTests.m */; };
		C44E3A331F346D1600C78E37 /* WidgetsUITests.m in Sources */ = {isa = PBXBuildFile; fileRef = C44E3A321F346D1600C78E37 /* WidgetsUITests.m */; };
		C499EF4D1F356D71003F06E6 /* EGTestViewController.m in Sources */ = {isa = PBXBuildFile; fileRef = C499EF4C1F356D71003F06E6 /* EGTestViewController.m */; };
		C4EC48751F355E8D00942884 /* AppDelegate.m in Sources */ = {isa = PBXBuildFile; fileRef = C44E3A111F346D1600C78E37 /* AppDelegate.m */; };
		C4EC48761F355E8D00942884 /* UIView+Extension.m in Sources */ = {isa = PBXBuildFile; fileRef = C4EC48641F35578300942884 /* UIView+Extension.m */; };
		C4EC48771F355E8D00942884 /* EGBasicViewController.m in Sources */ = {isa = PBXBuildFile; fileRef = C4EC48681F3557CF00942884 /* EGBasicViewController.m */; };
		C4EC48781F355E8D00942884 /* ViewController.m in Sources */ = {isa = PBXBuildFile; fileRef = C4EC486A1F3557CF00942884 /* ViewController.m */; };
		C4EC487A1F355E8D00942884 /* EGIndicatorView.m in Sources */ = {isa = PBXBuildFile; fileRef = C4EC486D1F3557CF00942884 /* EGIndicatorView.m */; };
		C4EC487B1F355E8D00942884 /* main.m in Sources */ = {isa = PBXBuildFile; fileRef = C44E3A0E1F346D1600C78E37 /* main.m */; };
		C4EC487F1F355F1000942884 /* Main.storyboard in Resources */ = {isa = PBXBuildFile; fileRef = C4EC487E1F355F1000942884 /* Main.storyboard */; };
		C4EC48811F356BB100942884 /* EGSeperateScrollViewController.m in Sources */ = {isa = PBXBuildFile; fileRef = C4EC48801F356BB100942884 /* EGSeperateScrollViewController.m */; };
/* End PBXBuildFile section */

/* Begin PBXContainerItemProxy section */
		C44E3A241F346D1600C78E37 /* PBXContainerItemProxy */ = {
			isa = PBXContainerItemProxy;
			containerPortal = C44E3A021F346D1600C78E37 /* Project object */;
			proxyType = 1;
			remoteGlobalIDString = C44E3A091F346D1600C78E37;
			remoteInfo = Widgets;
		};
		C44E3A2F1F346D1600C78E37 /* PBXContainerItemProxy */ = {
			isa = PBXContainerItemProxy;
			containerPortal = C44E3A021F346D1600C78E37 /* Project object */;
			proxyType = 1;
			remoteGlobalIDString = C44E3A091F346D1600C78E37;
			remoteInfo = Widgets;
		};
/* End PBXContainerItemProxy section */

/* Begin PBXFileReference section */
		15F0DEE3BCB54B15778815B8 /* Pods-WidgetsUITests.debug.xcconfig */ = {isa = PBXFileReference; includeInIndex = 1; lastKnownFileType = text.xcconfig; name = "Pods-WidgetsUITests.debug.xcconfig"; path = "Pods/Target Support Files/Pods-WidgetsUITests/Pods-WidgetsUITests.debug.xcconfig"; sourceTree = "<group>"; };
		1D7F302DFB61A5D0DE3AFA9A /* libPods-WidgetsUITests.a */ = {isa = PBXFileReference; explicitFileType = archive.ar; includeInIndex = 0; path = "libPods-WidgetsUITests.a"; sourceTree = BUILT_PRODUCTS_DIR; };
		23BFD7B42A8E4D12147BDC96 /* Pods-WidgetsTests.debug.xcconfig */ = {isa = PBXFileReference; includeInIndex = 1; lastKnownFileType = text.xcconfig; name = "Pods-WidgetsTests.debug.xcconfig"; path = "Pods/Target Support Files/Pods-WidgetsTests/Pods-WidgetsTests.debug.xcconfig"; sourceTree = "<group>"; };
		27F6095DF38907AA063CDC56 /* Pods-WidgetsTests.release.xcconfig */ = {isa = PBXFileReference; includeInIndex = 1; lastKnownFileType = text.xcconfig; name = "Pods-WidgetsTests.release.xcconfig"; path = "Pods/Target Support Files/Pods-WidgetsTests/Pods-WidgetsTests.release.xcconfig"; sourceTree = "<group>"; };
		27FB6D33A159A456C34ACD48 /* libPods-WidgetsTests.a */ = {isa = PBXFileReference; explicitFileType = archive.ar; includeInIndex = 0; path = "libPods-WidgetsTests.a"; sourceTree = BUILT_PRODUCTS_DIR; };
		3C095E3689F97A29EF51E993 /* Pods-WidgetsUITests.release.xcconfig */ = {isa = PBXFileReference; includeInIndex = 1; lastKnownFileType = text.xcconfig; name = "Pods-WidgetsUITests.release.xcconfig"; path = "Pods/Target Support Files/Pods-WidgetsUITests/Pods-WidgetsUITests.release.xcconfig"; sourceTree = "<group>"; };
		481366FA6B0AC55743DAD056 /* Pods-Widgets.debug.xcconfig */ = {isa = PBXFileReference; includeInIndex = 1; lastKnownFileType = text.xcconfig; name = "Pods-Widgets.debug.xcconfig"; path = "Pods/Target Support Files/Pods-Widgets/Pods-Widgets.debug.xcconfig"; sourceTree = "<group>"; };
		5B06B64798A534068B82B7E5 /* libPods-Widgets.a */ = {isa = PBXFileReference; explicitFileType = archive.ar; includeInIndex = 0; path = "libPods-Widgets.a"; sourceTree = BUILT_PRODUCTS_DIR; };
		C44E3A0A1F346D1600C78E37 /* Widgets.app */ = {isa = PBXFileReference; explicitFileType = wrapper.application; includeInIndex = 0; path = Widgets.app; sourceTree = BUILT_PRODUCTS_DIR; };
		C44E3A0E1F346D1600C78E37 /* main.m */ = {isa = PBXFileReference; lastKnownFileType = sourcecode.c.objc; path = main.m; sourceTree = "<group>"; };
		C44E3A101F346D1600C78E37 /* AppDelegate.h */ = {isa = PBXFileReference; lastKnownFileType = sourcecode.c.h; path = AppDelegate.h; sourceTree = "<group>"; };
		C44E3A111F346D1600C78E37 /* AppDelegate.m */ = {isa = PBXFileReference; lastKnownFileType = sourcecode.c.objc; path = AppDelegate.m; sourceTree = "<group>"; };
		C44E3A191F346D1600C78E37 /* Assets.xcassets */ = {isa = PBXFileReference; lastKnownFileType = folder.assetcatalog; path = Assets.xcassets; sourceTree = "<group>"; };
		C44E3A1C1F346D1600C78E37 /* Base */ = {isa = PBXFileReference; lastKnownFileType = file.storyboard; name = Base; path = Base.lproj/LaunchScreen.storyboard; sourceTree = "<group>"; };
		C44E3A1E1F346D1600C78E37 /* Info.plist */ = {isa = PBXFileReference; lastKnownFileType = text.plist.xml; path = Info.plist; sourceTree = "<group>"; };
		C44E3A231F346D1600C78E37 /* WidgetsTests.xctest */ = {isa = PBXFileReference; explicitFileType = wrapper.cfbundle; includeInIndex = 0; path = WidgetsTests.xctest; sourceTree = BUILT_PRODUCTS_DIR; };
		C44E3A271F346D1600C78E37 /* WidgetsTests.m */ = {isa = PBXFileReference; lastKnownFileType = sourcecode.c.objc; path = WidgetsTests.m; sourceTree = "<group>"; };
		C44E3A291F346D1600C78E37 /* Info.plist */ = {isa = PBXFileReference; lastKnownFileType = text.plist.xml; path = Info.plist; sourceTree = "<group>"; };
		C44E3A2E1F346D1600C78E37 /* WidgetsUITests.xctest */ = {isa = PBXFileReference; explicitFileType = wrapper.cfbundle; includeInIndex = 0; path = WidgetsUITests.xctest; sourceTree = BUILT_PRODUCTS_DIR; };
		C44E3A321F346D1600C78E37 /* WidgetsUITests.m */ = {isa = PBXFileReference; lastKnownFileType = sourcecode.c.objc; path = WidgetsUITests.m; sourceTree = "<group>"; };
		C44E3A341F346D1600C78E37 /* Info.plist */ = {isa = PBXFileReference; lastKnownFileType = text.plist.xml; path = Info.plist; sourceTree = "<group>"; };
		C46B83CB1F346F5200782008 /* PrefixHeader.pch */ = {isa = PBXFileReference; lastKnownFileType = sourcecode.c.h; name = PrefixHeader.pch; path = ../PrefixHeader.pch; sourceTree = "<group>"; };
		C499EF4B1F356D71003F06E6 /* EGTestViewController.h */ = {isa = PBXFileReference; fileEncoding = 4; lastKnownFileType = sourcecode.c.h; path = EGTestViewController.h; sourceTree = "<group>"; };
		C499EF4C1F356D71003F06E6 /* EGTestViewController.m */ = {isa = PBXFileReference; fileEncoding = 4; lastKnownFileType = sourcecode.c.objc; path = EGTestViewController.m; sourceTree = "<group>"; };
		C4EC48621F35578300942884 /* UIConstants.h */ = {isa = PBXFileReference; fileEncoding = 4; lastKnownFileType = sourcecode.c.h; path = UIConstants.h; sourceTree = "<group>"; };
		C4EC48631F35578300942884 /* UIView+Extension.h */ = {isa = PBXFileReference; fileEncoding = 4; lastKnownFileType = sourcecode.c.h; path = "UIView+Extension.h"; sourceTree = "<group>"; };
		C4EC48641F35578300942884 /* UIView+Extension.m */ = {isa = PBXFileReference; fileEncoding = 4; lastKnownFileType = sourcecode.c.objc; path = "UIView+Extension.m"; sourceTree = "<group>"; };
		C4EC48671F3557CF00942884 /* EGBasicViewController.h */ = {isa = PBXFileReference; fileEncoding = 4; lastKnownFileType = sourcecode.c.h; path = EGBasicViewController.h; sourceTree = "<group>"; };
		C4EC48681F3557CF00942884 /* EGBasicViewController.m */ = {isa = PBXFileReference; fileEncoding = 4; lastKnownFileType = sourcecode.c.objc; path = EGBasicViewController.m; sourceTree = "<group>"; };
		C4EC48691F3557CF00942884 /* ViewController.h */ = {isa = PBXFileReference; fileEncoding = 4; lastKnownFileType = sourcecode.c.h; path = ViewController.h; sourceTree = "<group>"; };
		C4EC486A1F3557CF00942884 /* ViewController.m */ = {isa = PBXFileReference; fileEncoding = 4; lastKnownFileType = sourcecode.c.objc; path = ViewController.m; sourceTree = "<group>"; };
		C4EC486C1F3557CF00942884 /* EGIndicatorView.h */ = {isa = PBXFileReference; fileEncoding = 4; lastKnownFileType = sourcecode.c.h; path = EGIndicatorView.h; sourceTree = "<group>"; };
		C4EC486D1F3557CF00942884 /* EGIndicatorView.m */ = {isa = PBXFileReference; fileEncoding = 4; lastKnownFileType = sourcecode.c.objc; path = EGIndicatorView.m; sourceTree = "<group>"; };
		C4EC486F1F3557CF00942884 /* EGSeperateScrollViewController.h */ = {isa = PBXFileReference; fileEncoding = 4; lastKnownFileType = sourcecode.c.h; path = EGSeperateScrollViewController.h; sourceTree = "<group>"; };
		C4EC487E1F355F1000942884 /* Main.storyboard */ = {isa = PBXFileReference; fileEncoding = 4; lastKnownFileType = file.storyboard; path = Main.storyboard; sourceTree = "<group>"; };
		C4EC48801F356BB100942884 /* EGSeperateScrollViewController.m */ = {isa = PBXFileReference; fileEncoding = 4; lastKnownFileType = sourcecode.c.objc; path = EGSeperateScrollViewController.m; sourceTree = "<group>"; };
		F5D075557147398C0943D014 /* Pods-Widgets.release.xcconfig */ = {isa = PBXFileReference; includeInIndex = 1; lastKnownFileType = text.xcconfig; name = "Pods-Widgets.release.xcconfig"; path = "Pods/Target Support Files/Pods-Widgets/Pods-Widgets.release.xcconfig"; sourceTree = "<group>"; };
/* End PBXFileReference section */

/* Begin PBXFrameworksBuildPhase section */
		C44E3A071F346D1600C78E37 /* Frameworks */ = {
			isa = PBXFrameworksBuildPhase;
			buildActionMask = 2147483647;
			files = (
				5A2AAFB7FE5522D3D7980DD5 /* libPods-Widgets.a in Frameworks */,
			);
			runOnlyForDeploymentPostprocessing = 0;
		};
		C44E3A201F346D1600C78E37 /* Frameworks */ = {
			isa = PBXFrameworksBuildPhase;
			buildActionMask = 2147483647;
			files = (
				254FFB80A1022A46D559E7B0 /* libPods-WidgetsTests.a in Frameworks */,
			);
			runOnlyForDeploymentPostprocessing = 0;
		};
		C44E3A2B1F346D1600C78E37 /* Frameworks */ = {
			isa = PBXFrameworksBuildPhase;
			buildActionMask = 2147483647;
			files = (
				59C443C74DE593B850480013 /* libPods-WidgetsUITests.a in Frameworks */,
			);
			runOnlyForDeploymentPostprocessing = 0;
		};
/* End PBXFrameworksBuildPhase section */

/* Begin PBXGroup section */
		1EF24D147A097831DFB0C7B3 /* Pods */ = {
			isa = PBXGroup;
			children = (
				481366FA6B0AC55743DAD056 /* Pods-Widgets.debug.xcconfig */,
				F5D075557147398C0943D014 /* Pods-Widgets.release.xcconfig */,
				23BFD7B42A8E4D12147BDC96 /* Pods-WidgetsTests.debug.xcconfig */,
				27F6095DF38907AA063CDC56 /* Pods-WidgetsTests.release.xcconfig */,
				15F0DEE3BCB54B15778815B8 /* Pods-WidgetsUITests.debug.xcconfig */,
				3C095E3689F97A29EF51E993 /* Pods-WidgetsUITests.release.xcconfig */,
			);
			name = Pods;
			sourceTree = "<group>";
		};
		C44E3A011F346D1600C78E37 = {
			isa = PBXGroup;
			children = (
				C44E3A0C1F346D1600C78E37 /* Widgets */,
				C44E3A261F346D1600C78E37 /* WidgetsTests */,
				C44E3A311F346D1600C78E37 /* WidgetsUITests */,
				C44E3A0B1F346D1600C78E37 /* Products */,
				1EF24D147A097831DFB0C7B3 /* Pods */,
				C4D4761FFD3E873E89992480 /* Frameworks */,
			);
			sourceTree = "<group>";
		};
		C44E3A0B1F346D1600C78E37 /* Products */ = {
			isa = PBXGroup;
			children = (
				C44E3A0A1F346D1600C78E37 /* Widgets.app */,
				C44E3A231F346D1600C78E37 /* WidgetsTests.xctest */,
				C44E3A2E1F346D1600C78E37 /* WidgetsUITests.xctest */,
			);
			name = Products;
			sourceTree = "<group>";
		};
		C44E3A0C1F346D1600C78E37 /* Widgets */ = {
			isa = PBXGroup;
			children = (
				C44E3A101F346D1600C78E37 /* AppDelegate.h */,
				C44E3A111F346D1600C78E37 /* AppDelegate.m */,
				C4EC48541F35576900942884 /* WidgetClasses */,
				C44E3A0D1F346D1600C78E37 /* Supporting Files */,
			);
			path = Widgets;
			sourceTree = "<group>";
		};
		C44E3A0D1F346D1600C78E37 /* Supporting Files */ = {
			isa = PBXGroup;
			children = (
				C46B83CB1F346F5200782008 /* PrefixHeader.pch */,
				C44E3A0E1F346D1600C78E37 /* main.m */,
				C44E3A191F346D1600C78E37 /* Assets.xcassets */,
				C44E3A1B1F346D1600C78E37 /* LaunchScreen.storyboard */,
				C44E3A1E1F346D1600C78E37 /* Info.plist */,
			);
			name = "Supporting Files";
			sourceTree = "<group>";
		};
		C44E3A261F346D1600C78E37 /* WidgetsTests */ = {
			isa = PBXGroup;
			children = (
				C44E3A271F346D1600C78E37 /* WidgetsTests.m */,
				C44E3A291F346D1600C78E37 /* Info.plist */,
			);
			path = WidgetsTests;
			sourceTree = "<group>";
		};
		C44E3A311F346D1600C78E37 /* WidgetsUITests */ = {
			isa = PBXGroup;
			children = (
				C44E3A321F346D1600C78E37 /* WidgetsUITests.m */,
				C44E3A341F346D1600C78E37 /* Info.plist */,
			);
			path = WidgetsUITests;
			sourceTree = "<group>";
		};
		C499EF4A1F356D68003F06E6 /* Test */ = {
			isa = PBXGroup;
			children = (
				C499EF4B1F356D71003F06E6 /* EGTestViewController.h */,
				C499EF4C1F356D71003F06E6 /* EGTestViewController.m */,
			);
			path = Test;
			sourceTree = "<group>";
		};
		C4D4761FFD3E873E89992480 /* Frameworks */ = {
			isa = PBXGroup;
			children = (
				5B06B64798A534068B82B7E5 /* libPods-Widgets.a */,
				27FB6D33A159A456C34ACD48 /* libPods-WidgetsTests.a */,
				1D7F302DFB61A5D0DE3AFA9A /* libPods-WidgetsUITests.a */,
			);
			name = Frameworks;
			sourceTree = "<group>";
		};
		C4EC48541F35576900942884 /* WidgetClasses */ = {
			isa = PBXGroup;
			children = (
				C4EC48611F35578300942884 /* Tools */,
				C4EC48661F3557CF00942884 /* Basic */,
				C4EC486E1F3557CF00942884 /* SeperateScroll */,
				C499EF4A1F356D68003F06E6 /* Test */,
				C4EC486B1F3557CF00942884 /* Indicator */,
			);
			path = WidgetClasses;
			sourceTree = "<group>";
		};
		C4EC48611F35578300942884 /* Tools */ = {
			isa = PBXGroup;
			children = (
				C4EC48621F35578300942884 /* UIConstants.h */,
				C4EC48631F35578300942884 /* UIView+Extension.h */,
				C4EC48641F35578300942884 /* UIView+Extension.m */,
			);
			path = Tools;
			sourceTree = "<group>";
		};
		C4EC48661F3557CF00942884 /* Basic */ = {
			isa = PBXGroup;
			children = (
				C4EC48671F3557CF00942884 /* EGBasicViewController.h */,
				C4EC48681F3557CF00942884 /* EGBasicViewController.m */,
				C4EC48691F3557CF00942884 /* ViewController.h */,
				C4EC486A1F3557CF00942884 /* ViewController.m */,
				C4EC487E1F355F1000942884 /* Main.storyboard */,
			);
			path = Basic;
			sourceTree = "<group>";
		};
		C4EC486B1F3557CF00942884 /* Indicator */ = {
			isa = PBXGroup;
			children = (
				C4EC486C1F3557CF00942884 /* EGIndicatorView.h */,
				C4EC486D1F3557CF00942884 /* EGIndicatorView.m */,
			);
			path = Indicator;
			sourceTree = "<group>";
		};
		C4EC486E1F3557CF00942884 /* SeperateScroll */ = {
			isa = PBXGroup;
			children = (
				C4EC486F1F3557CF00942884 /* EGSeperateScrollViewController.h */,
				C4EC48801F356BB100942884 /* EGSeperateScrollViewController.m */,
			);
			path = SeperateScroll;
			sourceTree = "<group>";
		};
/* End PBXGroup section */

/* Begin PBXNativeTarget section */
		C44E3A091F346D1600C78E37 /* Widgets */ = {
			isa = PBXNativeTarget;
			buildConfigurationList = C44E3A371F346D1600C78E37 /* Build configuration list for PBXNativeTarget "Widgets" */;
			buildPhases = (
				7219A4A0ADFC02AD648A9EC2 /* [CP] Check Pods Manifest.lock */,
				C44E3A061F346D1600C78E37 /* Sources */,
				C44E3A071F346D1600C78E37 /* Frameworks */,
				C44E3A081F346D1600C78E37 /* Resources */,
				4A1B89694376E7FCA3FF5695 /* [CP] Embed Pods Frameworks */,
				143B1AE4C5044E2B9600DBEE /* [CP] Copy Pods Resources */,
			);
			buildRules = (
			);
			dependencies = (
			);
			name = Widgets;
			productName = Widgets;
			productReference = C44E3A0A1F346D1600C78E37 /* Widgets.app */;
			productType = "com.apple.product-type.application";
		};
		C44E3A221F346D1600C78E37 /* WidgetsTests */ = {
			isa = PBXNativeTarget;
			buildConfigurationList = C44E3A3A1F346D1600C78E37 /* Build configuration list for PBXNativeTarget "WidgetsTests" */;
			buildPhases = (
				E83067E5DF598D7BFC3BCEDD /* [CP] Check Pods Manifest.lock */,
				C44E3A1F1F346D1600C78E37 /* Sources */,
				C44E3A201F346D1600C78E37 /* Frameworks */,
				C44E3A211F346D1600C78E37 /* Resources */,
				92475BB9C9712AF83EB13D41 /* [CP] Embed Pods Frameworks */,
				73B57776D3B758C3ABA4E600 /* [CP] Copy Pods Resources */,
			);
			buildRules = (
			);
			dependencies = (
				C44E3A251F346D1600C78E37 /* PBXTargetDependency */,
			);
			name = WidgetsTests;
			productName = WidgetsTests;
			productReference = C44E3A231F346D1600C78E37 /* WidgetsTests.xctest */;
			productType = "com.apple.product-type.bundle.unit-test";
		};
		C44E3A2D1F346D1600C78E37 /* WidgetsUITests */ = {
			isa = PBXNativeTarget;
			buildConfigurationList = C44E3A3D1F346D1600C78E37 /* Build configuration list for PBXNativeTarget "WidgetsUITests" */;
			buildPhases = (
				6027C3EF4E87D2C914A9E608 /* [CP] Check Pods Manifest.lock */,
				C44E3A2A1F346D1600C78E37 /* Sources */,
				C44E3A2B1F346D1600C78E37 /* Frameworks */,
				C44E3A2C1F346D1600C78E37 /* Resources */,
				C85FD4CC31A7D7DB318E1A37 /* [CP] Embed Pods Frameworks */,
				71CF611527A928A1DC81C982 /* [CP] Copy Pods Resources */,
			);
			buildRules = (
			);
			dependencies = (
				C44E3A301F346D1600C78E37 /* PBXTargetDependency */,
			);
			name = WidgetsUITests;
			productName = WidgetsUITests;
			productReference = C44E3A2E1F346D1600C78E37 /* WidgetsUITests.xctest */;
			productType = "com.apple.product-type.bundle.ui-testing";
		};
/* End PBXNativeTarget section */

/* Begin PBXProject section */
		C44E3A021F346D1600C78E37 /* Project object */ = {
			isa = PBXProject;
			attributes = {
				CLASSPREFIX = EG;
				LastUpgradeCheck = 0830;
				ORGANIZATIONNAME = EGMade;
				TargetAttributes = {
					C44E3A091F346D1600C78E37 = {
						CreatedOnToolsVersion = 8.3.3;
						DevelopmentTeam = 3RQ4UGLT33;
						ProvisioningStyle = Automatic;
					};
					C44E3A221F346D1600C78E37 = {
						CreatedOnToolsVersion = 8.3.3;
						DevelopmentTeam = 3RQ4UGLT33;
						ProvisioningStyle = Automatic;
						TestTargetID = C44E3A091F346D1600C78E37;
					};
					C44E3A2D1F346D1600C78E37 = {
						CreatedOnToolsVersion = 8.3.3;
						DevelopmentTeam = 3RQ4UGLT33;
						ProvisioningStyle = Automatic;
						TestTargetID = C44E3A091F346D1600C78E37;
					};
				};
			};
			buildConfigurationList = C44E3A051F346D1600C78E37 /* Build configuration list for PBXProject "Widgets" */;
			compatibilityVersion = "Xcode 3.2";
			developmentRegion = English;
			hasScannedForEncodings = 0;
			knownRegions = (
				en,
				Base,
			);
			mainGroup = C44E3A011F346D1600C78E37;
			productRefGroup = C44E3A0B1F346D1600C78E37 /* Products */;
			projectDirPath = "";
			projectRoot = "";
			targets = (
				C44E3A091F346D1600C78E37 /* Widgets */,
				C44E3A221F346D1600C78E37 /* WidgetsTests */,
				C44E3A2D1F346D1600C78E37 /* WidgetsUITests */,
			);
		};
/* End PBXProject section */

/* Begin PBXResourcesBuildPhase section */
		C44E3A081F346D1600C78E37 /* Resources */ = {
			isa = PBXResourcesBuildPhase;
			buildActionMask = 2147483647;
			files = (
				C4EC487F1F355F1000942884 /* Main.storyboard in Resources */,
				C44E3A1D1F346D1600C78E37 /* LaunchScreen.storyboard in Resources */,
				C44E3A1A1F346D1600C78E37 /* Assets.xcassets in Resources */,
			);
			runOnlyForDeploymentPostprocessing = 0;
		};
		C44E3A211F346D1600C78E37 /* Resources */ = {
			isa = PBXResourcesBuildPhase;
			buildActionMask = 2147483647;
			files = (
			);
			runOnlyForDeploymentPostprocessing = 0;
		};
		C44E3A2C1F346D1600C78E37 /* Resources */ = {
			isa = PBXResourcesBuildPhase;
			buildActionMask = 2147483647;
			files = (
			);
			runOnlyForDeploymentPostprocessing = 0;
		};
/* End PBXResourcesBuildPhase section */

/* Begin PBXShellScriptBuildPhase section */
		143B1AE4C5044E2B9600DBEE /* [CP] Copy Pods Resources */ = {
			isa = PBXShellScriptBuildPhase;
			buildActionMask = 2147483647;
			files = (
			);
			inputPaths = (
			);
			name = "[CP] Copy Pods Resources";
			outputPaths = (
			);
			runOnlyForDeploymentPostprocessing = 0;
			shellPath = /bin/sh;
			shellScript = "\"${SRCROOT}/Pods/Target Support Files/Pods-Widgets/Pods-Widgets-resources.sh\"\n";
			showEnvVarsInLog = 0;
		};
		4A1B89694376E7FCA3FF5695 /* [CP] Embed Pods Frameworks */ = {
			isa = PBXShellScriptBuildPhase;
			buildActionMask = 2147483647;
			files = (
			);
			inputPaths = (
			);
			name = "[CP] Embed Pods Frameworks";
			outputPaths = (
			);
			runOnlyForDeploymentPostprocessing = 0;
			shellPath = /bin/sh;
			shellScript = "\"${SRCROOT}/Pods/Target Support Files/Pods-Widgets/Pods-Widgets-frameworks.sh\"\n";
			showEnvVarsInLog = 0;
		};
		6027C3EF4E87D2C914A9E608 /* [CP] Check Pods Manifest.lock */ = {
			isa = PBXShellScriptBuildPhase;
			buildActionMask = 2147483647;
			files = (
			);
			inputPaths = (
			);
			name = "[CP] Check Pods Manifest.lock";
			outputPaths = (
			);
			runOnlyForDeploymentPostprocessing = 0;
			shellPath = /bin/sh;
			shellScript = "diff \"${PODS_ROOT}/../Podfile.lock\" \"${PODS_ROOT}/Manifest.lock\" > /dev/null\nif [ $? != 0 ] ; then\n    # print error to STDERR\n    echo \"error: The sandbox is not in sync with the Podfile.lock. Run 'pod install' or update your CocoaPods installation.\" >&2\n    exit 1\nfi\n";
			showEnvVarsInLog = 0;
		};
		71CF611527A928A1DC81C982 /* [CP] Copy Pods Resources */ = {
			isa = PBXShellScriptBuildPhase;
			buildActionMask = 2147483647;
			files = (
			);
			inputPaths = (
			);
			name = "[CP] Copy Pods Resources";
			outputPaths = (
			);
			runOnlyForDeploymentPostprocessing = 0;
			shellPath = /bin/sh;
			shellScript = "\"${SRCROOT}/Pods/Target Support Files/Pods-WidgetsUITests/Pods-WidgetsUITests-resources.sh\"\n";
			showEnvVarsInLog = 0;
		};
		7219A4A0ADFC02AD648A9EC2 /* [CP] Check Pods Manifest.lock */ = {
			isa = PBXShellScriptBuildPhase;
			buildActionMask = 2147483647;
			files = (
			);
			inputPaths = (
			);
			name = "[CP] Check Pods Manifest.lock";
			outputPaths = (
			);
			runOnlyForDeploymentPostprocessing = 0;
			shellPath = /bin/sh;
			shellScript = "diff \"${PODS_ROOT}/../Podfile.lock\" \"${PODS_ROOT}/Manifest.lock\" > /dev/null\nif [ $? != 0 ] ; then\n    # print error to STDERR\n    echo \"error: The sandbox is not in sync with the Podfile.lock. Run 'pod install' or update your CocoaPods installation.\" >&2\n    exit 1\nfi\n";
			showEnvVarsInLog = 0;
		};
		73B57776D3B758C3ABA4E600 /* [CP] Copy Pods Resources */ = {
			isa = PBXShellScriptBuildPhase;
			buildActionMask = 2147483647;
			files = (
			);
			inputPaths = (
			);
			name = "[CP] Copy Pods Resources";
			outputPaths = (
			);
			runOnlyForDeploymentPostprocessing = 0;
			shellPath = /bin/sh;
			shellScript = "\"${SRCROOT}/Pods/Target Support Files/Pods-WidgetsTests/Pods-WidgetsTests-resources.sh\"\n";
			showEnvVarsInLog = 0;
		};
		92475BB9C9712AF83EB13D41 /* [CP] Embed Pods Frameworks */ = {
			isa = PBXShellScriptBuildPhase;
			buildActionMask = 2147483647;
			files = (
			);
			inputPaths = (
			);
			name = "[CP] Embed Pods Frameworks";
			outputPaths = (
			);
			runOnlyForDeploymentPostprocessing = 0;
			shellPath = /bin/sh;
			shellScript = "\"${SRCROOT}/Pods/Target Support Files/Pods-WidgetsTests/Pods-WidgetsTests-frameworks.sh\"\n";
			showEnvVarsInLog = 0;
		};
		C85FD4CC31A7D7DB318E1A37 /* [CP] Embed Pods Frameworks */ = {
			isa = PBXShellScriptBuildPhase;
			buildActionMask = 2147483647;
			files = (
			);
			inputPaths = (
			);
			name = "[CP] Embed Pods Frameworks";
			outputPaths = (
			);
			runOnlyForDeploymentPostprocessing = 0;
			shellPath = /bin/sh;
			shellScript = "\"${SRCROOT}/Pods/Target Support Files/Pods-WidgetsUITests/Pods-WidgetsUITests-frameworks.sh\"\n";
			showEnvVarsInLog = 0;
		};
		E83067E5DF598D7BFC3BCEDD /* [CP] Check Pods Manifest.lock */ = {
			isa = PBXShellScriptBuildPhase;
			buildActionMask = 2147483647;
			files = (
			);
			inputPaths = (
			);
			name = "[CP] Check Pods Manifest.lock";
			outputPaths = (
			);
			runOnlyForDeploymentPostprocessing = 0;
			shellPath = /bin/sh;
			shellScript = "diff \"${PODS_ROOT}/../Podfile.lock\" \"${PODS_ROOT}/Manifest.lock\" > /dev/null\nif [ $? != 0 ] ; then\n    # print error to STDERR\n    echo \"error: The sandbox is not in sync with the Podfile.lock. Run 'pod install' or update your CocoaPods installation.\" >&2\n    exit 1\nfi\n";
			showEnvVarsInLog = 0;
		};
/* End PBXShellScriptBuildPhase section */

/* Begin PBXSourcesBuildPhase section */
		C44E3A061F346D1600C78E37 /* Sources */ = {
			isa = PBXSourcesBuildPhase;
			buildActionMask = 2147483647;
			files = (
				C4EC48751F355E8D00942884 /* AppDelegate.m in Sources */,
				C4EC48761F355E8D00942884 /* UIView+Extension.m in Sources */,
				C4EC48771F355E8D00942884 /* EGBasicViewController.m in Sources */,
				C4EC48781F355E8D00942884 /* ViewController.m in Sources */,
				C499EF4D1F356D71003F06E6 /* EGTestViewController.m in Sources */,
				C4EC487A1F355E8D00942884 /* EGIndicatorView.m in Sources */,
				C4EC48811F356BB100942884 /* EGSeperateScrollViewController.m in Sources */,
				C4EC487B1F355E8D00942884 /* main.m in Sources */,
			);
			runOnlyForDeploymentPostprocessing = 0;
		};
		C44E3A1F1F346D1600C78E37 /* Sources */ = {
			isa = PBXSourcesBuildPhase;
			buildActionMask = 2147483647;
			files = (
				C44E3A281F346D1600C78E37 /* WidgetsTests.m in Sources */,
			);
			runOnlyForDeploymentPostprocessing = 0;
		};
		C44E3A2A1F346D1600C78E37 /* Sources */ = {
			isa = PBXSourcesBuildPhase;
			buildActionMask = 2147483647;
			files = (
				C44E3A331F346D1600C78E37 /* WidgetsUITests.m in Sources */,
			);
			runOnlyForDeploymentPostprocessing = 0;
		};
/* End PBXSourcesBuildPhase section */

/* Begin PBXTargetDependency section */
		C44E3A251F346D1600C78E37 /* PBXTargetDependency */ = {
			isa = PBXTargetDependency;
			target = C44E3A091F346D1600C78E37 /* Widgets */;
			targetProxy = C44E3A241F346D1600C78E37 /* PBXContainerItemProxy */;
		};
		C44E3A301F346D1600C78E37 /* PBXTargetDependency */ = {
			isa = PBXTargetDependency;
			target = C44E3A091F346D1600C78E37 /* Widgets */;
			targetProxy = C44E3A2F1F346D1600C78E37 /* PBXContainerItemProxy */;
		};
/* End PBXTargetDependency section */

/* Begin PBXVariantGroup section */
		C44E3A1B1F346D1600C78E37 /* LaunchScreen.storyboard */ = {
			isa = PBXVariantGroup;
			children = (
				C44E3A1C1F346D1600C78E37 /* Base */,
			);
			name = LaunchScreen.storyboard;
			sourceTree = "<group>";
		};
/* End PBXVariantGroup section */

/* Begin XCBuildConfiguration section */
		C44E3A351F346D1600C78E37 /* Debug */ = {
			isa = XCBuildConfiguration;
			buildSettings = {
				ALWAYS_SEARCH_USER_PATHS = NO;
				CLANG_ANALYZER_NONNULL = YES;
				CLANG_ANALYZER_NUMBER_OBJECT_CONVERSION = YES_AGGRESSIVE;
				CLANG_CXX_LANGUAGE_STANDARD = "gnu++0x";
				CLANG_CXX_LIBRARY = "libc++";
				CLANG_ENABLE_MODULES = YES;
				CLANG_ENABLE_OBJC_ARC = YES;
				CLANG_WARN_BOOL_CONVERSION = YES;
				CLANG_WARN_CONSTANT_CONVERSION = YES;
				CLANG_WARN_DIRECT_OBJC_ISA_USAGE = YES_ERROR;
				CLANG_WARN_DOCUMENTATION_COMMENTS = YES;
				CLANG_WARN_EMPTY_BODY = YES;
				CLANG_WARN_ENUM_CONVERSION = YES;
				CLANG_WARN_INFINITE_RECURSION = YES;
				CLANG_WARN_INT_CONVERSION = YES;
				CLANG_WARN_OBJC_ROOT_CLASS = YES_ERROR;
				CLANG_WARN_SUSPICIOUS_MOVE = YES;
				CLANG_WARN_UNREACHABLE_CODE = YES;
				CLANG_WARN__DUPLICATE_METHOD_MATCH = YES;
				"CODE_SIGN_IDENTITY[sdk=iphoneos*]" = "iPhone Developer";
				COPY_PHASE_STRIP = NO;
				DEBUG_INFORMATION_FORMAT = dwarf;
				ENABLE_STRICT_OBJC_MSGSEND = YES;
				ENABLE_TESTABILITY = YES;
				GCC_C_LANGUAGE_STANDARD = gnu99;
				GCC_DYNAMIC_NO_PIC = NO;
				GCC_NO_COMMON_BLOCKS = YES;
				GCC_OPTIMIZATION_LEVEL = 0;
				GCC_PREPROCESSOR_DEFINITIONS = (
					"DEBUG=1",
					"$(inherited)",
				);
				GCC_WARN_64_TO_32_BIT_CONVERSION = YES;
				GCC_WARN_ABOUT_RETURN_TYPE = YES_ERROR;
				GCC_WARN_UNDECLARED_SELECTOR = YES;
				GCC_WARN_UNINITIALIZED_AUTOS = YES_AGGRESSIVE;
				GCC_WARN_UNUSED_FUNCTION = YES;
				GCC_WARN_UNUSED_VARIABLE = YES;
				IPHONEOS_DEPLOYMENT_TARGET = 10.3;
				MTL_ENABLE_DEBUG_INFO = YES;
				ONLY_ACTIVE_ARCH = YES;
				OTHER_LDFLAGS = "";
				SDKROOT = iphoneos;
				VALIDATE_PRODUCT = YES;
			};
			name = Debug;
		};
		C44E3A361F346D1600C78E37 /* Release */ = {
			isa = XCBuildConfiguration;
			buildSettings = {
				ALWAYS_SEARCH_USER_PATHS = NO;
				CLANG_ANALYZER_NONNULL = YES;
				CLANG_ANALYZER_NUMBER_OBJECT_CONVERSION = YES_AGGRESSIVE;
				CLANG_CXX_LANGUAGE_STANDARD = "gnu++0x";
				CLANG_CXX_LIBRARY = "libc++";
				CLANG_ENABLE_MODULES = YES;
				CLANG_ENABLE_OBJC_ARC = YES;
				CLANG_WARN_BOOL_CONVERSION = YES;
				CLANG_WARN_CONSTANT_CONVERSION = YES;
				CLANG_WARN_DIRECT_OBJC_ISA_USAGE = YES_ERROR;
				CLANG_WARN_DOCUMENTATION_COMMENTS = YES;
				CLANG_WARN_EMPTY_BODY = YES;
				CLANG_WARN_ENUM_CONVERSION = YES;
				CLANG_WARN_INFINITE_RECURSION = YES;
				CLANG_WARN_INT_CONVERSION = YES;
				CLANG_WARN_OBJC_ROOT_CLASS = YES_ERROR;
				CLANG_WARN_SUSPICIOUS_MOVE = YES;
				CLANG_WARN_UNREACHABLE_CODE = YES;
				CLANG_WARN__DUPLICATE_METHOD_MATCH = YES;
				"CODE_SIGN_IDENTITY[sdk=iphoneos*]" = "iPhone Developer";
				COPY_PHASE_STRIP = NO;
				DEBUG_INFORMATION_FORMAT = "dwarf-with-dsym";
				ENABLE_NS_ASSERTIONS = NO;
				ENABLE_STRICT_OBJC_MSGSEND = YES;
				GCC_C_LANGUAGE_STANDARD = gnu99;
				GCC_NO_COMMON_BLOCKS = YES;
				GCC_WARN_64_TO_32_BIT_CONVERSION = YES;
				GCC_WARN_ABOUT_RETURN_TYPE = YES_ERROR;
				GCC_WARN_UNDECLARED_SELECTOR = YES;
				GCC_WARN_UNINITIALIZED_AUTOS = YES_AGGRESSIVE;
				GCC_WARN_UNUSED_FUNCTION = YES;
				GCC_WARN_UNUSED_VARIABLE = YES;
				IPHONEOS_DEPLOYMENT_TARGET = 10.3;
				MTL_ENABLE_DEBUG_INFO = NO;
				OTHER_LDFLAGS = "";
				SDKROOT = iphoneos;
				VALIDATE_PRODUCT = YES;
			};
			name = Release;
		};
		C44E3A381F346D1600C78E37 /* Debug */ = {
			isa = XCBuildConfiguration;
			baseConfigurationReference = 481366FA6B0AC55743DAD056 /* Pods-Widgets.debug.xcconfig */;
			buildSettings = {
				ASSETCATALOG_COMPILER_APPICON_NAME = AppIcon;
				DEVELOPMENT_TEAM = 3RQ4UGLT33;
				GCC_PREFIX_HEADER = PrefixHeader.pch;
				INFOPLIST_FILE = Widgets/Info.plist;
				IPHONEOS_DEPLOYMENT_TARGET = 9.2;
				LD_RUNPATH_SEARCH_PATHS = "$(inherited) @executable_path/Frameworks";
				PRODUCT_BUNDLE_IDENTIFIER = com.evilGoose.Widgets;
				PRODUCT_NAME = "$(TARGET_NAME)";
			};
			name = Debug;
		};
		C44E3A391F346D1600C78E37 /* Release */ = {
			isa = XCBuildConfiguration;
			baseConfigurationReference = F5D075557147398C0943D014 /* Pods-Widgets.release.xcconfig */;
			buildSettings = {
				ASSETCATALOG_COMPILER_APPICON_NAME = AppIcon;
				DEVELOPMENT_TEAM = 3RQ4UGLT33;
				GCC_PREFIX_HEADER = PrefixHeader.pch;
				INFOPLIST_FILE = Widgets/Info.plist;
				IPHONEOS_DEPLOYMENT_TARGET = 9.2;
				LD_RUNPATH_SEARCH_PATHS = "$(inherited) @executable_path/Frameworks";
				PRODUCT_BUNDLE_IDENTIFIER = com.evilGoose.Widgets;
				PRODUCT_NAME = "$(TARGET_NAME)";
			};
			name = Release;
		};
		C44E3A3B1F346D1600C78E37 /* Debug */ = {
			isa = XCBuildConfiguration;
			baseConfigurationReference = 23BFD7B42A8E4D12147BDC96 /* Pods-WidgetsTests.debug.xcconfig */;
			buildSettings = {
				BUNDLE_LOADER = "$(TEST_HOST)";
				DEVELOPMENT_TEAM = 3RQ4UGLT33;
				INFOPLIST_FILE = WidgetsTests/Info.plist;
				LD_RUNPATH_SEARCH_PATHS = "$(inherited) @executable_path/Frameworks @loader_path/Frameworks";
				PRODUCT_BUNDLE_IDENTIFIER = com.evilGoose.WidgetsTests;
				PRODUCT_NAME = "$(TARGET_NAME)";
				TEST_HOST = "$(BUILT_PRODUCTS_DIR)/Widgets.app/Widgets";
			};
			name = Debug;
		};
		C44E3A3C1F346D1600C78E37 /* Release */ = {
			isa = XCBuildConfiguration;
			baseConfigurationReference = 27F6095DF38907AA063CDC56 /* Pods-WidgetsTests.release.xcconfig */;
			buildSettings = {
				BUNDLE_LOADER = "$(TEST_HOST)";
				DEVELOPMENT_TEAM = 3RQ4UGLT33;
				INFOPLIST_FILE = WidgetsTests/Info.plist;
				LD_RUNPATH_SEARCH_PATHS = "$(inherited) @executable_path/Frameworks @loader_path/Frameworks";
				PRODUCT_BUNDLE_IDENTIFIER = com.evilGoose.WidgetsTests;
				PRODUCT_NAME = "$(TARGET_NAME)";
				TEST_HOST = "$(BUILT_PRODUCTS_DIR)/Widgets.app/Widgets";
			};
			name = Release;
		};
		C44E3A3E1F346D1600C78E37 /* Debug */ = {
			isa = XCBuildConfiguration;
			baseConfigurationReference = 15F0DEE3BCB54B15778815B8 /* Pods-WidgetsUITests.debug.xcconfig */;
			buildSettings = {
				DEVELOPMENT_TEAM = 3RQ4UGLT33;
				INFOPLIST_FILE = WidgetsUITests/Info.plist;
				LD_RUNPATH_SEARCH_PATHS = "$(inherited) @executable_path/Frameworks @loader_path/Frameworks";
				PRODUCT_BUNDLE_IDENTIFIER = com.evilGoose.WidgetsUITests;
				PRODUCT_NAME = "$(TARGET_NAME)";
				TEST_TARGET_NAME = Widgets;
			};
			name = Debug;
		};
		C44E3A3F1F346D1600C78E37 /* Release */ = {
			isa = XCBuildConfiguration;
			baseConfigurationReference = 3C095E3689F97A29EF51E993 /* Pods-WidgetsUITests.release.xcconfig */;
			buildSettings = {
				DEVELOPMENT_TEAM = 3RQ4UGLT33;
				INFOPLIST_FILE = WidgetsUITests/Info.plist;
				LD_RUNPATH_SEARCH_PATHS = "$(inherited) @executable_path/Frameworks @loader_path/Frameworks";
				PRODUCT_BUNDLE_IDENTIFIER = com.evilGoose.WidgetsUITests;
				PRODUCT_NAME = "$(TARGET_NAME)";
				TEST_TARGET_NAME = Widgets;
			};
			name = Release;
		};
/* End XCBuildConfiguration section */

/* Begin XCConfigurationList section */
		C44E3A051F346D1600C78E37 /* Build configuration list for PBXProject "Widgets" */ = {
			isa = XCConfigurationList;
			buildConfigurations = (
				C44E3A351F346D1600C78E37 /* Debug */,
				C44E3A361F346D1600C78E37 /* Release */,
			);
			defaultConfigurationIsVisible = 0;
			defaultConfigurationName = Release;
		};
		C44E3A371F346D1600C78E37 /* Build configuration list for PBXNativeTarget "Widgets" */ = {
			isa = XCConfigurationList;
			buildConfigurations = (
				C44E3A381F346D1600C78E37 /* Debug */,
				C44E3A391F346D1600C78E37 /* Release */,
			);
			defaultConfigurationIsVisible = 0;
			defaultConfigurationName = Release;
		};
		C44E3A3A1F346D1600C78E37 /* Build configuration list for PBXNativeTarget "WidgetsTests" */ = {
			isa = XCConfigurationList;
			buildConfigurations = (
				C44E3A3B1F346D1600C78E37 /* Debug */,
				C44E3A3C1F346D1600C78E37 /* Release */,
			);
			defaultConfigurationIsVisible = 0;
			defaultConfigurationName = Release;
		};
		C44E3A3D1F346D1600C78E37 /* Build configuration list for PBXNativeTarget "WidgetsUITests" */ = {
			isa = XCConfigurationList;
			buildConfigurations = (
				C44E3A3E1F346D1600C78E37 /* Debug */,
				C44E3A3F1F346D1600C78E37 /* Release */,
			);
			defaultConfigurationIsVisible = 0;
			defaultConfigurationName = Release;
		};
/* End XCConfigurationList section */
	};
	rootObject = C44E3A021F346D1600C78E37 /* Project object */;
}
