// !$*UTF8*$!
{
	archiveVersion = 1;
	classes = {
	};
	objectVersion = 46;
	objects = {

/* Begin PBXBuildFile section */
		254FFB80A1022A46D559E7B0 /* libPods-WidgetsTests.a in Frameworks */ = {isa = PBXBuildFile; fileRef = 27FB6D33A159A456C34ACD48 /* libPods-WidgetsTests.a */; };
		59C443C74DE593B850480013 /* libPods-WidgetsUITests.a in Frameworks */ = {isa = PBXBuildFile; fileRef = 1D7F302DFB61A5D0DE3AFA9A /* libPods-WidgetsUITests.a */; };
		C44013341F4B040E00BCC13E /* EGCATextLayerController.m in Sources */ = {isa = PBXBuildFile; fileRef = C44013331F4B040E00BCC13E /* EGCATextLayerController.m */; };
		C44E3A1A1F346D1600C78E37 /* Assets.xcassets in Resources */ = {isa = PBXBuildFile; fileRef = C44E3A191F346D1600C78E37 /* Assets.xcassets */; };
		C44E3A1D1F346D1600C78E37 /* LaunchScreen.storyboard in Resources */ = {isa = PBXBuildFile; fileRef = C44E3A1B1F346D1600C78E37 /* LaunchScreen.storyboard */; };
		C44E3A281F346D1600C78E37 /* WidgetsTests.m in Sources */ = {isa = PBXBuildFile; fileRef = C44E3A271F346D1600C78E37 /* WidgetsTests.m */; };
		C44E3A331F346D1600C78E37 /* WidgetsUITests.m in Sources */ = {isa = PBXBuildFile; fileRef = C44E3A321F346D1600C78E37 /* WidgetsUITests.m */; };
		C4553AA11F57E07000437E31 /* EGVideoCaptureViewController.m in Sources */ = {isa = PBXBuildFile; fileRef = C4553AA01F57E07000437E31 /* EGVideoCaptureViewController.m */; };
		C4553AA31F57E08100437E31 /* EGVideoCaptureViewController.xib in Resources */ = {isa = PBXBuildFile; fileRef = C4553AA21F57E08100437E31 /* EGVideoCaptureViewController.xib */; };
		C4553AA61F57E48600437E31 /* EGOpenGLView.m in Sources */ = {isa = PBXBuildFile; fileRef = C4553AA51F57E48600437E31 /* EGOpenGLView.m */; };
		C4553AAA1F57E55600437E31 /* VideoToolbox.framework in Frameworks */ = {isa = PBXBuildFile; fileRef = C4553AA91F57E55600437E31 /* VideoToolbox.framework */; };
		C4553AB51F57EA0700437E31 /* Shader.fsh in Resources */ = {isa = PBXBuildFile; fileRef = C4553AB31F57EA0700437E31 /* Shader.fsh */; };
		C4553AB61F57EA0700437E31 /* Shader.vsh in Resources */ = {isa = PBXBuildFile; fileRef = C4553AB41F57EA0700437E31 /* Shader.vsh */; };
		C456315F1F5680B5002164FE /* EGMixAudioViewController.m in Sources */ = {isa = PBXBuildFile; fileRef = C456315B1F5680B5002164FE /* EGMixAudioViewController.m */; };
		C45631601F5680B5002164FE /* EGMixVideoViewController.m in Sources */ = {isa = PBXBuildFile; fileRef = C456315E1F5680B5002164FE /* EGMixVideoViewController.m */; };
		C45631621F5680C8002164FE /* EGMixAudioViewController.xib in Resources */ = {isa = PBXBuildFile; fileRef = C45631611F5680C8002164FE /* EGMixAudioViewController.xib */; };
		C45631691F56832D002164FE /* Audio2.mp3 in Resources */ = {isa = PBXBuildFile; fileRef = C45631681F56832D002164FE /* Audio2.mp3 */; };
		C464AD0D1F3EC4D400341AAF /* EGNaviBarViewController.m in Sources */ = {isa = PBXBuildFile; fileRef = C464AD0C1F3EC4D400341AAF /* EGNaviBarViewController.m */; };
		C47C6F321F514D5C00F7F653 /* EGImageSizeViewController.m in Sources */ = {isa = PBXBuildFile; fileRef = C47C6F301F514D5C00F7F653 /* EGImageSizeViewController.m */; };
		C47C6F331F514D5C00F7F653 /* EGImageSizeViewController.xib in Resources */ = {isa = PBXBuildFile; fileRef = C47C6F311F514D5C00F7F653 /* EGImageSizeViewController.xib */; };
		C47C6F411F514E8C00F7F653 /* scenery1.jpg in Resources */ = {isa = PBXBuildFile; fileRef = C47C6F3E1F514E8C00F7F653 /* scenery1.jpg */; };
		C47C6F421F514E8C00F7F653 /* scenery3.jpg in Resources */ = {isa = PBXBuildFile; fileRef = C47C6F3F1F514E8C00F7F653 /* scenery3.jpg */; };
		C47C6F451F5150EF00F7F653 /* scenery2.jpg in Resources */ = {isa = PBXBuildFile; fileRef = C47C6F441F5150EF00F7F653 /* scenery2.jpg */; };
		C47C6F4B1F515AF100F7F653 /* UIImage+Resize.m in Sources */ = {isa = PBXBuildFile; fileRef = C47C6F4A1F515AF100F7F653 /* UIImage+Resize.m */; };
		C499EF4D1F356D71003F06E6 /* EGTestViewController.m in Sources */ = {isa = PBXBuildFile; fileRef = C499EF4C1F356D71003F06E6 /* EGTestViewController.m */; };
		C499EF501F35965C003F06E6 /* EGIndicatorViewController.m in Sources */ = {isa = PBXBuildFile; fileRef = C499EF4F1F35965C003F06E6 /* EGIndicatorViewController.m */; };
		C499EF531F35989A003F06E6 /* GradientPeogressView.m in Sources */ = {isa = PBXBuildFile; fileRef = C499EF521F35989A003F06E6 /* GradientPeogressView.m */; };
		C499EF561F35993F003F06E6 /* UIColor+PDExtension.m in Sources */ = {isa = PBXBuildFile; fileRef = C499EF551F35993F003F06E6 /* UIColor+PDExtension.m */; };
		C4A300111F4E766500D23587 /* WRImageHelper.m in Sources */ = {isa = PBXBuildFile; fileRef = C4A3000E1F4E766500D23587 /* WRImageHelper.m */; };
		C4A300121F4E766500D23587 /* WRNavigationBar.m in Sources */ = {isa = PBXBuildFile; fileRef = C4A300101F4E766500D23587 /* WRNavigationBar.m */; };
		C4CDA6441F53E26D005150A6 /* EGWaveViewController.m in Sources */ = {isa = PBXBuildFile; fileRef = C4CDA6431F53E26D005150A6 /* EGWaveViewController.m */; };
		C4CDA6471F53E283005150A6 /* EGWaveView.m in Sources */ = {isa = PBXBuildFile; fileRef = C4CDA6461F53E283005150A6 /* EGWaveView.m */; };
		C4CDA64B1F53EFA5005150A6 /* EGMicroPhoneViewController.m in Sources */ = {isa = PBXBuildFile; fileRef = C4CDA64A1F53EFA5005150A6 /* EGMicroPhoneViewController.m */; };
		C4CDA64E1F53F15B005150A6 /* EGMicroPhoneHelper.m in Sources */ = {isa = PBXBuildFile; fileRef = C4CDA64D1F53F15B005150A6 /* EGMicroPhoneHelper.m */; };
		C4CDA6591F544548005150A6 /* EGMixAudioVideoViewController.m in Sources */ = {isa = PBXBuildFile; fileRef = C4CDA6581F544548005150A6 /* EGMixAudioVideoViewController.m */; };
		C4EC48751F355E8D00942884 /* AppDelegate.m in Sources */ = {isa = PBXBuildFile; fileRef = C44E3A111F346D1600C78E37 /* AppDelegate.m */; };
		C4EC48761F355E8D00942884 /* UIView+Extension.m in Sources */ = {isa = PBXBuildFile; fileRef = C4EC48641F35578300942884 /* UIView+Extension.m */; };
		C4EC48771F355E8D00942884 /* EGBasicViewController.m in Sources */ = {isa = PBXBuildFile; fileRef = C4EC48681F3557CF00942884 /* EGBasicViewController.m */; };
		C4EC48781F355E8D00942884 /* ViewController.m in Sources */ = {isa = PBXBuildFile; fileRef = C4EC486A1F3557CF00942884 /* ViewController.m */; };
		C4EC487B1F355E8D00942884 /* main.m in Sources */ = {isa = PBXBuildFile; fileRef = C44E3A0E1F346D1600C78E37 /* main.m */; };
		C4EC487F1F355F1000942884 /* Main.storyboard in Resources */ = {isa = PBXBuildFile; fileRef = C4EC487E1F355F1000942884 /* Main.storyboard */; };
		C4EC48811F356BB100942884 /* EGSeperateScrollViewController.m in Sources */ = {isa = PBXBuildFile; fileRef = C4EC48801F356BB100942884 /* EGSeperateScrollViewController.m */; };
/* End PBXBuildFile section */

/* Begin PBXContainerItemProxy section */
		C44E3A241F346D1600C78E37 /* PBXContainerItemProxy */ = {
			isa = PBXContainerItemProxy;
			containerPortal = C44E3A021F346D1600C78E37 /* Project object */;
			proxyType = 1;
			remoteGlobalIDString = C44E3A091F346D1600C78E37;
			remoteInfo = Widgets;
		};
		C44E3A2F1F346D1600C78E37 /* PBXContainerItemProxy */ = {
			isa = PBXContainerItemProxy;
			containerPortal = C44E3A021F346D1600C78E37 /* Project object */;
			proxyType = 1;
			remoteGlobalIDString = C44E3A091F346D1600C78E37;
			remoteInfo = Widgets;
		};
/* End PBXContainerItemProxy section */

/* Begin PBXFileReference section */
		15F0DEE3BCB54B15778815B8 /* Pods-WidgetsUITests.debug.xcconfig */ = {isa = PBXFileReference; includeInIndex = 1; lastKnownFileType = text.xcconfig; name = "Pods-WidgetsUITests.debug.xcconfig"; path = "Pods/Target Support Files/Pods-WidgetsUITests/Pods-WidgetsUITests.debug.xcconfig"; sourceTree = "<group>"; };
		1D7F302DFB61A5D0DE3AFA9A /* libPods-WidgetsUITests.a */ = {isa = PBXFileReference; explicitFileType = archive.ar; includeInIndex = 0; path = "libPods-WidgetsUITests.a"; sourceTree = BUILT_PRODUCTS_DIR; };
		23BFD7B42A8E4D12147BDC96 /* Pods-WidgetsTests.debug.xcconfig */ = {isa = PBXFileReference; includeInIndex = 1; lastKnownFileType = text.xcconfig; name = "Pods-WidgetsTests.debug.xcconfig"; path = "Pods/Target Support Files/Pods-WidgetsTests/Pods-WidgetsTests.debug.xcconfig"; sourceTree = "<group>"; };
		27F6095DF38907AA063CDC56 /* Pods-WidgetsTests.release.xcconfig */ = {isa = PBXFileReference; includeInIndex = 1; lastKnownFileType = text.xcconfig; name = "Pods-WidgetsTests.release.xcconfig"; path = "Pods/Target Support Files/Pods-WidgetsTests/Pods-WidgetsTests.release.xcconfig"; sourceTree = "<group>"; };
		27FB6D33A159A456C34ACD48 /* libPods-WidgetsTests.a */ = {isa = PBXFileReference; explicitFileType = archive.ar; includeInIndex = 0; path = "libPods-WidgetsTests.a"; sourceTree = BUILT_PRODUCTS_DIR; };
		3C095E3689F97A29EF51E993 /* Pods-WidgetsUITests.release.xcconfig */ = {isa = PBXFileReference; includeInIndex = 1; lastKnownFileType = text.xcconfig; name = "Pods-WidgetsUITests.release.xcconfig"; path = "Pods/Target Support Files/Pods-WidgetsUITests/Pods-WidgetsUITests.release.xcconfig"; sourceTree = "<group>"; };
		481366FA6B0AC55743DAD056 /* Pods-Widgets.debug.xcconfig */ = {isa = PBXFileReference; includeInIndex = 1; lastKnownFileType = text.xcconfig; name = "Pods-Widgets.debug.xcconfig"; path = "Pods/Target Support Files/Pods-Widgets/Pods-Widgets.debug.xcconfig"; sourceTree = "<group>"; };
		5B06B64798A534068B82B7E5 /* libPods-Widgets.a */ = {isa = PBXFileReference; explicitFileType = archive.ar; includeInIndex = 0; path = "libPods-Widgets.a"; sourceTree = BUILT_PRODUCTS_DIR; };
		C44013321F4B040E00BCC13E /* EGCATextLayerController.h */ = {isa = PBXFileReference; fileEncoding = 4; lastKnownFileType = sourcecode.c.h; path = EGCATextLayerController.h; sourceTree = "<group>"; };
		C44013331F4B040E00BCC13E /* EGCATextLayerController.m */ = {isa = PBXFileReference; fileEncoding = 4; lastKnownFileType = sourcecode.c.objc; path = EGCATextLayerController.m; sourceTree = "<group>"; };
		C44E3A0A1F346D1600C78E37 /* Widgets.app */ = {isa = PBXFileReference; explicitFileType = wrapper.application; includeInIndex = 0; path = Widgets.app; sourceTree = BUILT_PRODUCTS_DIR; };
		C44E3A0E1F346D1600C78E37 /* main.m */ = {isa = PBXFileReference; lastKnownFileType = sourcecode.c.objc; path = main.m; sourceTree = "<group>"; };
		C44E3A101F346D1600C78E37 /* AppDelegate.h */ = {isa = PBXFileReference; lastKnownFileType = sourcecode.c.h; path = AppDelegate.h; sourceTree = "<group>"; };
		C44E3A111F346D1600C78E37 /* AppDelegate.m */ = {isa = PBXFileReference; lastKnownFileType = sourcecode.c.objc; path = AppDelegate.m; sourceTree = "<group>"; };
		C44E3A191F346D1600C78E37 /* Assets.xcassets */ = {isa = PBXFileReference; lastKnownFileType = folder.assetcatalog; path = Assets.xcassets; sourceTree = "<group>"; };
		C44E3A1C1F346D1600C78E37 /* Base */ = {isa = PBXFileReference; lastKnownFileType = file.storyboard; name = Base; path = Base.lproj/LaunchScreen.storyboard; sourceTree = "<group>"; };
		C44E3A1E1F346D1600C78E37 /* Info.plist */ = {isa = PBXFileReference; lastKnownFileType = text.plist.xml; path = Info.plist; sourceTree = "<group>"; };
		C44E3A231F346D1600C78E37 /* WidgetsTests.xctest */ = {isa = PBXFileReference; explicitFileType = wrapper.cfbundle; includeInIndex = 0; path = WidgetsTests.xctest; sourceTree = BUILT_PRODUCTS_DIR; };
		C44E3A271F346D1600C78E37 /* WidgetsTests.m */ = {isa = PBXFileReference; lastKnownFileType = sourcecode.c.objc; path = WidgetsTests.m; sourceTree = "<group>"; };
		C44E3A291F346D1600C78E37 /* Info.plist */ = {isa = PBXFileReference; lastKnownFileType = text.plist.xml; path = Info.plist; sourceTree = "<group>"; };
		C44E3A2E1F346D1600C78E37 /* WidgetsUITests.xctest */ = {isa = PBXFileReference; explicitFileType = wrapper.cfbundle; includeInIndex = 0; path = WidgetsUITests.xctest; sourceTree = BUILT_PRODUCTS_DIR; };
		C44E3A321F346D1600C78E37 /* WidgetsUITests.m */ = {isa = PBXFileReference; lastKnownFileType = sourcecode.c.objc; path = WidgetsUITests.m; sourceTree = "<group>"; };
		C44E3A341F346D1600C78E37 /* Info.plist */ = {isa = PBXFileReference; lastKnownFileType = text.plist.xml; path = Info.plist; sourceTree = "<group>"; };
		C4553A9F1F57E07000437E31 /* EGVideoCaptureViewController.h */ = {isa = PBXFileReference; fileEncoding = 4; lastKnownFileType = sourcecode.c.h; path = EGVideoCaptureViewController.h; sourceTree = "<group>"; };
		C4553AA01F57E07000437E31 /* EGVideoCaptureViewController.m */ = {isa = PBXFileReference; fileEncoding = 4; lastKnownFileType = sourcecode.c.objc; path = EGVideoCaptureViewController.m; sourceTree = "<group>"; };
		C4553AA21F57E08100437E31 /* EGVideoCaptureViewController.xib */ = {isa = PBXFileReference; fileEncoding = 4; lastKnownFileType = file.xib; path = EGVideoCaptureViewController.xib; sourceTree = "<group>"; };
		C4553AA41F57E48600437E31 /* EGOpenGLView.h */ = {isa = PBXFileReference; fileEncoding = 4; lastKnownFileType = sourcecode.c.h; path = EGOpenGLView.h; sourceTree = "<group>"; };
		C4553AA51F57E48600437E31 /* EGOpenGLView.m */ = {isa = PBXFileReference; fileEncoding = 4; lastKnownFileType = sourcecode.c.objc; path = EGOpenGLView.m; sourceTree = "<group>"; };
		C4553AA71F57E4C400437E31 /* CoreVideo.framework */ = {isa = PBXFileReference; lastKnownFileType = wrapper.framework; name = CoreVideo.framework; path = System/Library/Frameworks/CoreVideo.framework; sourceTree = SDKROOT; };
		C4553AA91F57E55600437E31 /* VideoToolbox.framework */ = {isa = PBXFileReference; lastKnownFileType = wrapper.framework; name = VideoToolbox.framework; path = System/Library/Frameworks/VideoToolbox.framework; sourceTree = SDKROOT; };
		C4553AB31F57EA0700437E31 /* Shader.fsh */ = {isa = PBXFileReference; fileEncoding = 4; lastKnownFileType = sourcecode.glsl; path = Shader.fsh; sourceTree = "<group>"; };
		C4553AB41F57EA0700437E31 /* Shader.vsh */ = {isa = PBXFileReference; fileEncoding = 4; lastKnownFileType = sourcecode.glsl; path = Shader.vsh; sourceTree = "<group>"; };
		C4553AC11F57F04B00437E31 /* yyj.h264 */ = {isa = PBXFileReference; lastKnownFileType = file; path = yyj.h264; sourceTree = "<group>"; };
		C45631491F5669D7002164FE /* Movie.mp4 */ = {isa = PBXFileReference; lastKnownFileType = file; path = Movie.mp4; sourceTree = "<group>"; };
		C456315A1F5680B5002164FE /* EGMixAudioViewController.h */ = {isa = PBXFileReference; fileEncoding = 4; lastKnownFileType = sourcecode.c.h; path = EGMixAudioViewController.h; sourceTree = "<group>"; };
		C456315B1F5680B5002164FE /* EGMixAudioViewController.m */ = {isa = PBXFileReference; fileEncoding = 4; lastKnownFileType = sourcecode.c.objc; path = EGMixAudioViewController.m; sourceTree = "<group>"; };
		C456315D1F5680B5002164FE /* EGMixVideoViewController.h */ = {isa = PBXFileReference; fileEncoding = 4; lastKnownFileType = sourcecode.c.h; path = EGMixVideoViewController.h; sourceTree = "<group>"; };
		C456315E1F5680B5002164FE /* EGMixVideoViewController.m */ = {isa = PBXFileReference; fileEncoding = 4; lastKnownFileType = sourcecode.c.objc; path = EGMixVideoViewController.m; sourceTree = "<group>"; };
		C45631611F5680C8002164FE /* EGMixAudioViewController.xib */ = {isa = PBXFileReference; fileEncoding = 4; lastKnownFileType = file.xib; path = EGMixAudioViewController.xib; sourceTree = "<group>"; };
		C45631681F56832D002164FE /* Audio2.mp3 */ = {isa = PBXFileReference; lastKnownFileType = audio.mp3; path = Audio2.mp3; sourceTree = "<group>"; };
		C456316A1F5684CB002164FE /* Audio1.m4a */ = {isa = PBXFileReference; lastKnownFileType = file; path = Audio1.m4a; sourceTree = "<group>"; };
		C456316B1F5685CA002164FE /* Audio3.m4a */ = {isa = PBXFileReference; lastKnownFileType = file; path = Audio3.m4a; sourceTree = "<group>"; };
		C464AD0B1F3EC4D400341AAF /* EGNaviBarViewController.h */ = {isa = PBXFileReference; fileEncoding = 4; lastKnownFileType = sourcecode.c.h; path = EGNaviBarViewController.h; sourceTree = "<group>"; };
		C464AD0C1F3EC4D400341AAF /* EGNaviBarViewController.m */ = {isa = PBXFileReference; fileEncoding = 4; lastKnownFileType = sourcecode.c.objc; path = EGNaviBarViewController.m; sourceTree = "<group>"; };
		C46B83CB1F346F5200782008 /* PrefixHeader.pch */ = {isa = PBXFileReference; lastKnownFileType = sourcecode.c.h; name = PrefixHeader.pch; path = ../PrefixHeader.pch; sourceTree = "<group>"; };
		C47C6F2F1F514D5C00F7F653 /* EGImageSizeViewController.h */ = {isa = PBXFileReference; fileEncoding = 4; lastKnownFileType = sourcecode.c.h; path = EGImageSizeViewController.h; sourceTree = "<group>"; };
		C47C6F301F514D5C00F7F653 /* EGImageSizeViewController.m */ = {isa = PBXFileReference; fileEncoding = 4; lastKnownFileType = sourcecode.c.objc; path = EGImageSizeViewController.m; sourceTree = "<group>"; };
		C47C6F311F514D5C00F7F653 /* EGImageSizeViewController.xib */ = {isa = PBXFileReference; fileEncoding = 4; lastKnownFileType = file.xib; path = EGImageSizeViewController.xib; sourceTree = "<group>"; };
		C47C6F3E1F514E8C00F7F653 /* scenery1.jpg */ = {isa = PBXFileReference; lastKnownFileType = image.jpeg; path = scenery1.jpg; sourceTree = "<group>"; };
		C47C6F3F1F514E8C00F7F653 /* scenery3.jpg */ = {isa = PBXFileReference; lastKnownFileType = image.jpeg; path = scenery3.jpg; sourceTree = "<group>"; };
		C47C6F441F5150EF00F7F653 /* scenery2.jpg */ = {isa = PBXFileReference; lastKnownFileType = image.jpeg; path = scenery2.jpg; sourceTree = "<group>"; };
		C47C6F491F515AF100F7F653 /* UIImage+Resize.h */ = {isa = PBXFileReference; fileEncoding = 4; lastKnownFileType = sourcecode.c.h; path = "UIImage+Resize.h"; sourceTree = "<group>"; };
		C47C6F4A1F515AF100F7F653 /* UIImage+Resize.m */ = {isa = PBXFileReference; fileEncoding = 4; lastKnownFileType = sourcecode.c.objc; path = "UIImage+Resize.m"; sourceTree = "<group>"; };
		C499EF4B1F356D71003F06E6 /* EGTestViewController.h */ = {isa = PBXFileReference; fileEncoding = 4; lastKnownFileType = sourcecode.c.h; path = EGTestViewController.h; sourceTree = "<group>"; };
		C499EF4C1F356D71003F06E6 /* EGTestViewController.m */ = {isa = PBXFileReference; fileEncoding = 4; lastKnownFileType = sourcecode.c.objc; path = EGTestViewController.m; sourceTree = "<group>"; };
		C499EF4E1F35965C003F06E6 /* EGIndicatorViewController.h */ = {isa = PBXFileReference; fileEncoding = 4; lastKnownFileType = sourcecode.c.h; path = EGIndicatorViewController.h; sourceTree = "<group>"; };
		C499EF4F1F35965C003F06E6 /* EGIndicatorViewController.m */ = {isa = PBXFileReference; fileEncoding = 4; lastKnownFileType = sourcecode.c.objc; path = EGIndicatorViewController.m; sourceTree = "<group>"; };
		C499EF511F35989A003F06E6 /* GradientPeogressView.h */ = {isa = PBXFileReference; fileEncoding = 4; lastKnownFileType = sourcecode.c.h; path = GradientPeogressView.h; sourceTree = "<group>"; };
		C499EF521F35989A003F06E6 /* GradientPeogressView.m */ = {isa = PBXFileReference; fileEncoding = 4; lastKnownFileType = sourcecode.c.objc; path = GradientPeogressView.m; sourceTree = "<group>"; };
		C499EF541F35993F003F06E6 /* UIColor+PDExtension.h */ = {isa = PBXFileReference; fileEncoding = 4; lastKnownFileType = sourcecode.c.h; path = "UIColor+PDExtension.h"; sourceTree = "<group>"; };
		C499EF551F35993F003F06E6 /* UIColor+PDExtension.m */ = {isa = PBXFileReference; fileEncoding = 4; lastKnownFileType = sourcecode.c.objc; path = "UIColor+PDExtension.m"; sourceTree = "<group>"; };
		C4A3000D1F4E766500D23587 /* WRImageHelper.h */ = {isa = PBXFileReference; fileEncoding = 4; lastKnownFileType = sourcecode.c.h; path = WRImageHelper.h; sourceTree = "<group>"; };
		C4A3000E1F4E766500D23587 /* WRImageHelper.m */ = {isa = PBXFileReference; fileEncoding = 4; lastKnownFileType = sourcecode.c.objc; path = WRImageHelper.m; sourceTree = "<group>"; };
		C4A3000F1F4E766500D23587 /* WRNavigationBar.h */ = {isa = PBXFileReference; fileEncoding = 4; lastKnownFileType = sourcecode.c.h; path = WRNavigationBar.h; sourceTree = "<group>"; };
		C4A300101F4E766500D23587 /* WRNavigationBar.m */ = {isa = PBXFileReference; fileEncoding = 4; lastKnownFileType = sourcecode.c.objc; path = WRNavigationBar.m; sourceTree = "<group>"; };
		C4CDA6421F53E26D005150A6 /* EGWaveViewController.h */ = {isa = PBXFileReference; fileEncoding = 4; lastKnownFileType = sourcecode.c.h; path = EGWaveViewController.h; sourceTree = "<group>"; };
		C4CDA6431F53E26D005150A6 /* EGWaveViewController.m */ = {isa = PBXFileReference; fileEncoding = 4; lastKnownFileType = sourcecode.c.objc; path = EGWaveViewController.m; sourceTree = "<group>"; };
		C4CDA6451F53E283005150A6 /* EGWaveView.h */ = {isa = PBXFileReference; fileEncoding = 4; lastKnownFileType = sourcecode.c.h; path = EGWaveView.h; sourceTree = "<group>"; };
		C4CDA6461F53E283005150A6 /* EGWaveView.m */ = {isa = PBXFileReference; fileEncoding = 4; lastKnownFileType = sourcecode.c.objc; path = EGWaveView.m; sourceTree = "<group>"; };
		C4CDA6491F53EFA5005150A6 /* EGMicroPhoneViewController.h */ = {isa = PBXFileReference; fileEncoding = 4; lastKnownFileType = sourcecode.c.h; path = EGMicroPhoneViewController.h; sourceTree = "<group>"; };
		C4CDA64A1F53EFA5005150A6 /* EGMicroPhoneViewController.m */ = {isa = PBXFileReference; fileEncoding = 4; lastKnownFileType = sourcecode.c.objc; path = EGMicroPhoneViewController.m; sourceTree = "<group>"; };
		C4CDA64C1F53F15B005150A6 /* EGMicroPhoneHelper.h */ = {isa = PBXFileReference; fileEncoding = 4; lastKnownFileType = sourcecode.c.h; path = EGMicroPhoneHelper.h; sourceTree = "<group>"; };
		C4CDA64D1F53F15B005150A6 /* EGMicroPhoneHelper.m */ = {isa = PBXFileReference; fileEncoding = 4; lastKnownFileType = sourcecode.c.objc; path = EGMicroPhoneHelper.m; sourceTree = "<group>"; };
		C4CDA6571F544548005150A6 /* EGMixAudioVideoViewController.h */ = {isa = PBXFileReference; fileEncoding = 4; lastKnownFileType = sourcecode.c.h; path = EGMixAudioVideoViewController.h; sourceTree = "<group>"; };
		C4CDA6581F544548005150A6 /* EGMixAudioVideoViewController.m */ = {isa = PBXFileReference; fileEncoding = 4; lastKnownFileType = sourcecode.c.objc; path = EGMixAudioVideoViewController.m; sourceTree = "<group>"; };
		C4EC48621F35578300942884 /* UIConstants.h */ = {isa = PBXFileReference; fileEncoding = 4; lastKnownFileType = sourcecode.c.h; path = UIConstants.h; sourceTree = "<group>"; };
		C4EC48631F35578300942884 /* UIView+Extension.h */ = {isa = PBXFileReference; fileEncoding = 4; lastKnownFileType = sourcecode.c.h; path = "UIView+Extension.h"; sourceTree = "<group>"; };
		C4EC48641F35578300942884 /* UIView+Extension.m */ = {isa = PBXFileReference; fileEncoding = 4; lastKnownFileType = sourcecode.c.objc; path = "UIView+Extension.m"; sourceTree = "<group>"; };
		C4EC48671F3557CF00942884 /* EGBasicViewController.h */ = {isa = PBXFileReference; fileEncoding = 4; lastKnownFileType = sourcecode.c.h; path = EGBasicViewController.h; sourceTree = "<group>"; };
		C4EC48681F3557CF00942884 /* EGBasicViewController.m */ = {isa = PBXFileReference; fileEncoding = 4; lastKnownFileType = sourcecode.c.objc; path = EGBasicViewController.m; sourceTree = "<group>"; };
		C4EC48691F3557CF00942884 /* ViewController.h */ = {isa = PBXFileReference; fileEncoding = 4; lastKnownFileType = sourcecode.c.h; path = ViewController.h; sourceTree = "<group>"; };
		C4EC486A1F3557CF00942884 /* ViewController.m */ = {isa = PBXFileReference; fileEncoding = 4; lastKnownFileType = sourcecode.c.objc; path = ViewController.m; sourceTree = "<group>"; };
		C4EC486F1F3557CF00942884 /* EGSeperateScrollViewController.h */ = {isa = PBXFileReference; fileEncoding = 4; lastKnownFileType = sourcecode.c.h; path = EGSeperateScrollViewController.h; sourceTree = "<group>"; };
		C4EC487E1F355F1000942884 /* Main.storyboard */ = {isa = PBXFileReference; fileEncoding = 4; lastKnownFileType = file.storyboard; path = Main.storyboard; sourceTree = "<group>"; };
		C4EC48801F356BB100942884 /* EGSeperateScrollViewController.m */ = {isa = PBXFileReference; fileEncoding = 4; lastKnownFileType = sourcecode.c.objc; path = EGSeperateScrollViewController.m; sourceTree = "<group>"; };
		F5D075557147398C0943D014 /* Pods-Widgets.release.xcconfig */ = {isa = PBXFileReference; includeInIndex = 1; lastKnownFileType = text.xcconfig; name = "Pods-Widgets.release.xcconfig"; path = "Pods/Target Support Files/Pods-Widgets/Pods-Widgets.release.xcconfig"; sourceTree = "<group>"; };
/* End PBXFileReference section */

/* Begin PBXFrameworksBuildPhase section */
		C44E3A071F346D1600C78E37 /* Frameworks */ = {
			isa = PBXFrameworksBuildPhase;
			buildActionMask = 2147483647;
			files = (
				C4553AAA1F57E55600437E31 /* VideoToolbox.framework in Frameworks */,
			);
			runOnlyForDeploymentPostprocessing = 0;
		};
		C44E3A201F346D1600C78E37 /* Frameworks */ = {
			isa = PBXFrameworksBuildPhase;
			buildActionMask = 2147483647;
			files = (
				254FFB80A1022A46D559E7B0 /* libPods-WidgetsTests.a in Frameworks */,
			);
			runOnlyForDeploymentPostprocessing = 0;
		};
		C44E3A2B1F346D1600C78E37 /* Frameworks */ = {
			isa = PBXFrameworksBuildPhase;
			buildActionMask = 2147483647;
			files = (
				59C443C74DE593B850480013 /* libPods-WidgetsUITests.a in Frameworks */,
			);
			runOnlyForDeploymentPostprocessing = 0;
		};
/* End PBXFrameworksBuildPhase section */

/* Begin PBXGroup section */
		1EF24D147A097831DFB0C7B3 /* Pods */ = {
			isa = PBXGroup;
			children = (
				481366FA6B0AC55743DAD056 /* Pods-Widgets.debug.xcconfig */,
				F5D075557147398C0943D014 /* Pods-Widgets.release.xcconfig */,
				23BFD7B42A8E4D12147BDC96 /* Pods-WidgetsTests.debug.xcconfig */,
				27F6095DF38907AA063CDC56 /* Pods-WidgetsTests.release.xcconfig */,
				15F0DEE3BCB54B15778815B8 /* Pods-WidgetsUITests.debug.xcconfig */,
				3C095E3689F97A29EF51E993 /* Pods-WidgetsUITests.release.xcconfig */,
			);
			name = Pods;
			sourceTree = "<group>";
		};
		C440132E1F4B03A000BCC13E /* CATextLayer */ = {
			isa = PBXGroup;
			children = (
				C44013321F4B040E00BCC13E /* EGCATextLayerController.h */,
				C44013331F4B040E00BCC13E /* EGCATextLayerController.m */,
			);
			path = CATextLayer;
			sourceTree = "<group>";
		};
		C44E3A011F346D1600C78E37 = {
			isa = PBXGroup;
			children = (
				C44E3A0C1F346D1600C78E37 /* Widgets */,
				C44E3A261F346D1600C78E37 /* WidgetsTests */,
				C44E3A311F346D1600C78E37 /* WidgetsUITests */,
				C44E3A0B1F346D1600C78E37 /* Products */,
				1EF24D147A097831DFB0C7B3 /* Pods */,
				C4D4761FFD3E873E89992480 /* Frameworks */,
			);
			sourceTree = "<group>";
		};
		C44E3A0B1F346D1600C78E37 /* Products */ = {
			isa = PBXGroup;
			children = (
				C44E3A0A1F346D1600C78E37 /* Widgets.app */,
				C44E3A231F346D1600C78E37 /* WidgetsTests.xctest */,
				C44E3A2E1F346D1600C78E37 /* WidgetsUITests.xctest */,
			);
			name = Products;
			sourceTree = "<group>";
		};
		C44E3A0C1F346D1600C78E37 /* Widgets */ = {
			isa = PBXGroup;
			children = (
				C44E3A101F346D1600C78E37 /* AppDelegate.h */,
				C44E3A111F346D1600C78E37 /* AppDelegate.m */,
				C4EC48661F3557CF00942884 /* Basic */,
				C4EC48541F35576900942884 /* WidgetClasses */,
				C44E3A0D1F346D1600C78E37 /* Supporting Files */,
			);
			path = Widgets;
			sourceTree = "<group>";
		};
		C44E3A0D1F346D1600C78E37 /* Supporting Files */ = {
			isa = PBXGroup;
			children = (
				C4553AC11F57F04B00437E31 /* yyj.h264 */,
				C45631491F5669D7002164FE /* Movie.mp4 */,
				C45631681F56832D002164FE /* Audio2.mp3 */,
				C456316A1F5684CB002164FE /* Audio1.m4a */,
				C456316B1F5685CA002164FE /* Audio3.m4a */,
				C4553AB31F57EA0700437E31 /* Shader.fsh */,
				C4553AB41F57EA0700437E31 /* Shader.vsh */,
				C47C6F491F515AF100F7F653 /* UIImage+Resize.h */,
				C47C6F4A1F515AF100F7F653 /* UIImage+Resize.m */,
				C47C6F3D1F514E8C00F7F653 /* scenery */,
				C4A3000B1F4E766500D23587 /* WRNavigationBar */,
				C46B83CB1F346F5200782008 /* PrefixHeader.pch */,
				C44E3A0E1F346D1600C78E37 /* main.m */,
				C44E3A191F346D1600C78E37 /* Assets.xcassets */,
				C44E3A1B1F346D1600C78E37 /* LaunchScreen.storyboard */,
				C44E3A1E1F346D1600C78E37 /* Info.plist */,
			);
			name = "Supporting Files";
			sourceTree = "<group>";
		};
		C44E3A261F346D1600C78E37 /* WidgetsTests */ = {
			isa = PBXGroup;
			children = (
				C44E3A271F346D1600C78E37 /* WidgetsTests.m */,
				C44E3A291F346D1600C78E37 /* Info.plist */,
			);
			path = WidgetsTests;
			sourceTree = "<group>";
		};
		C44E3A311F346D1600C78E37 /* WidgetsUITests */ = {
			isa = PBXGroup;
			children = (
				C44E3A321F346D1600C78E37 /* WidgetsUITests.m */,
				C44E3A341F346D1600C78E37 /* Info.plist */,
			);
			path = WidgetsUITests;
			sourceTree = "<group>";
		};
		C4553A9E1F57E04C00437E31 /* CaptureVideo */ = {
			isa = PBXGroup;
			children = (
				C4553A9F1F57E07000437E31 /* EGVideoCaptureViewController.h */,
				C4553AA01F57E07000437E31 /* EGVideoCaptureViewController.m */,
				C4553AA21F57E08100437E31 /* EGVideoCaptureViewController.xib */,
				C4553AA41F57E48600437E31 /* EGOpenGLView.h */,
				C4553AA51F57E48600437E31 /* EGOpenGLView.m */,
			);
			path = CaptureVideo;
			sourceTree = "<group>";
		};
		C45631591F5680B5002164FE /* MixAudio */ = {
			isa = PBXGroup;
			children = (
				C456315A1F5680B5002164FE /* EGMixAudioViewController.h */,
				C456315B1F5680B5002164FE /* EGMixAudioViewController.m */,
				C45631611F5680C8002164FE /* EGMixAudioViewController.xib */,
			);
			path = MixAudio;
			sourceTree = "<group>";
		};
		C456315C1F5680B5002164FE /* MixVideo */ = {
			isa = PBXGroup;
			children = (
				C456315D1F5680B5002164FE /* EGMixVideoViewController.h */,
				C456315E1F5680B5002164FE /* EGMixVideoViewController.m */,
			);
			path = MixVideo;
			sourceTree = "<group>";
		};
		C464AD0A1F3EC4C400341AAF /* NaviBar */ = {
			isa = PBXGroup;
			children = (
				C464AD0B1F3EC4D400341AAF /* EGNaviBarViewController.h */,
				C464AD0C1F3EC4D400341AAF /* EGNaviBarViewController.m */,
			);
			path = NaviBar;
			sourceTree = "<group>";
		};
		C47C6F2E1F514D3400F7F653 /* ImageSize */ = {
			isa = PBXGroup;
			children = (
				C47C6F2F1F514D5C00F7F653 /* EGImageSizeViewController.h */,
				C47C6F301F514D5C00F7F653 /* EGImageSizeViewController.m */,
				C47C6F311F514D5C00F7F653 /* EGImageSizeViewController.xib */,
			);
			path = ImageSize;
			sourceTree = "<group>";
		};
		C47C6F3D1F514E8C00F7F653 /* scenery */ = {
			isa = PBXGroup;
			children = (
				C47C6F3E1F514E8C00F7F653 /* scenery1.jpg */,
				C47C6F441F5150EF00F7F653 /* scenery2.jpg */,
				C47C6F3F1F514E8C00F7F653 /* scenery3.jpg */,
			);
			path = scenery;
			sourceTree = "<group>";
		};
		C499EF4A1F356D68003F06E6 /* Test */ = {
			isa = PBXGroup;
			children = (
				C499EF4B1F356D71003F06E6 /* EGTestViewController.h */,
				C499EF4C1F356D71003F06E6 /* EGTestViewController.m */,
			);
			path = Test;
			sourceTree = "<group>";
		};
		C4A3000B1F4E766500D23587 /* WRNavigationBar */ = {
			isa = PBXGroup;
			children = (
				C4A3000C1F4E766500D23587 /* WRImageHelper */,
				C4A3000F1F4E766500D23587 /* WRNavigationBar.h */,
				C4A300101F4E766500D23587 /* WRNavigationBar.m */,
			);
			path = WRNavigationBar;
			sourceTree = "<group>";
		};
		C4A3000C1F4E766500D23587 /* WRImageHelper */ = {
			isa = PBXGroup;
			children = (
				C4A3000D1F4E766500D23587 /* WRImageHelper.h */,
				C4A3000E1F4E766500D23587 /* WRImageHelper.m */,
			);
			path = WRImageHelper;
			sourceTree = "<group>";
		};
		C4CDA6411F53E256005150A6 /* WaveAnimation */ = {
			isa = PBXGroup;
			children = (
				C4CDA6421F53E26D005150A6 /* EGWaveViewController.h */,
				C4CDA6431F53E26D005150A6 /* EGWaveViewController.m */,
				C4CDA6451F53E283005150A6 /* EGWaveView.h */,
				C4CDA6461F53E283005150A6 /* EGWaveView.m */,
			);
			path = WaveAnimation;
			sourceTree = "<group>";
		};
		C4CDA6481F53EF8F005150A6 /* Microphone */ = {
			isa = PBXGroup;
			children = (
				C4CDA6491F53EFA5005150A6 /* EGMicroPhoneViewController.h */,
				C4CDA64A1F53EFA5005150A6 /* EGMicroPhoneViewController.m */,
				C4CDA64C1F53F15B005150A6 /* EGMicroPhoneHelper.h */,
				C4CDA64D1F53F15B005150A6 /* EGMicroPhoneHelper.m */,
			);
			path = Microphone;
			sourceTree = "<group>";
		};
		C4CDA6561F54452A005150A6 /* MixAudioVideo */ = {
			isa = PBXGroup;
			children = (
				C4CDA6571F544548005150A6 /* EGMixAudioVideoViewController.h */,
				C4CDA6581F544548005150A6 /* EGMixAudioVideoViewController.m */,
			);
			path = MixAudioVideo;
			sourceTree = "<group>";
		};
		C4D4761FFD3E873E89992480 /* Frameworks */ = {
			isa = PBXGroup;
			children = (
				C4553AA91F57E55600437E31 /* VideoToolbox.framework */,
				C4553AA71F57E4C400437E31 /* CoreVideo.framework */,
				5B06B64798A534068B82B7E5 /* libPods-Widgets.a */,
				27FB6D33A159A456C34ACD48 /* libPods-WidgetsTests.a */,
				1D7F302DFB61A5D0DE3AFA9A /* libPods-WidgetsUITests.a */,
			);
			name = Frameworks;
			sourceTree = "<group>";
		};
		C4EC48541F35576900942884 /* WidgetClasses */ = {
			isa = PBXGroup;
			children = (
				C45631591F5680B5002164FE /* MixAudio */,
				C456315C1F5680B5002164FE /* MixVideo */,
				C4CDA6561F54452A005150A6 /* MixAudioVideo */,
				C4553A9E1F57E04C00437E31 /* CaptureVideo */,
				C4CDA6481F53EF8F005150A6 /* Microphone */,
				C4CDA6411F53E256005150A6 /* WaveAnimation */,
				C47C6F2E1F514D3400F7F653 /* ImageSize */,
				C440132E1F4B03A000BCC13E /* CATextLayer */,
				C464AD0A1F3EC4C400341AAF /* NaviBar */,
				C4EC48611F35578300942884 /* Tools */,
				C4EC486E1F3557CF00942884 /* SeperateScroll */,
				C4EC486B1F3557CF00942884 /* Indicator */,
				C499EF4A1F356D68003F06E6 /* Test */,
			);
			path = WidgetClasses;
			sourceTree = "<group>";
		};
		C4EC48611F35578300942884 /* Tools */ = {
			isa = PBXGroup;
			children = (
				C4EC48621F35578300942884 /* UIConstants.h */,
				C499EF541F35993F003F06E6 /* UIColor+PDExtension.h */,
				C499EF551F35993F003F06E6 /* UIColor+PDExtension.m */,
				C4EC48631F35578300942884 /* UIView+Extension.h */,
				C4EC48641F35578300942884 /* UIView+Extension.m */,
			);
			path = Tools;
			sourceTree = "<group>";
		};
		C4EC48661F3557CF00942884 /* Basic */ = {
			isa = PBXGroup;
			children = (
				C4EC48671F3557CF00942884 /* EGBasicViewController.h */,
				C4EC48681F3557CF00942884 /* EGBasicViewController.m */,
				C4EC48691F3557CF00942884 /* ViewController.h */,
				C4EC486A1F3557CF00942884 /* ViewController.m */,
				C4EC487E1F355F1000942884 /* Main.storyboard */,
			);
			name = Basic;
			path = WidgetClasses/Basic;
			sourceTree = "<group>";
		};
		C4EC486B1F3557CF00942884 /* Indicator */ = {
			isa = PBXGroup;
			children = (
				C499EF4E1F35965C003F06E6 /* EGIndicatorViewController.h */,
				C499EF4F1F35965C003F06E6 /* EGIndicatorViewController.m */,
				C499EF511F35989A003F06E6 /* GradientPeogressView.h */,
				C499EF521F35989A003F06E6 /* GradientPeogressView.m */,
			);
			path = Indicator;
			sourceTree = "<group>";
		};
		C4EC486E1F3557CF00942884 /* SeperateScroll */ = {
			isa = PBXGroup;
			children = (
				C4EC486F1F3557CF00942884 /* EGSeperateScrollViewController.h */,
				C4EC48801F356BB100942884 /* EGSeperateScrollViewController.m */,
			);
			path = SeperateScroll;
			sourceTree = "<group>";
		};
/* End PBXGroup section */

/* Begin PBXNativeTarget section */
		C44E3A091F346D1600C78E37 /* Widgets */ = {
			isa = PBXNativeTarget;
			buildConfigurationList = C44E3A371F346D1600C78E37 /* Build configuration list for PBXNativeTarget "Widgets" */;
			buildPhases = (
				7219A4A0ADFC02AD648A9EC2 /* [CP] Check Pods Manifest.lock */,
				C44E3A061F346D1600C78E37 /* Sources */,
				C44E3A071F346D1600C78E37 /* Frameworks */,
				C44E3A081F346D1600C78E37 /* Resources */,
				4A1B89694376E7FCA3FF5695 /* [CP] Embed Pods Frameworks */,
				143B1AE4C5044E2B9600DBEE /* [CP] Copy Pods Resources */,
			);
			buildRules = (
			);
			dependencies = (
			);
			name = Widgets;
			productName = Widgets;
			productReference = C44E3A0A1F346D1600C78E37 /* Widgets.app */;
			productType = "com.apple.product-type.application";
		};
		C44E3A221F346D1600C78E37 /* WidgetsTests */ = {
			isa = PBXNativeTarget;
			buildConfigurationList = C44E3A3A1F346D1600C78E37 /* Build configuration list for PBXNativeTarget "WidgetsTests" */;
			buildPhases = (
				E83067E5DF598D7BFC3BCEDD /* [CP] Check Pods Manifest.lock */,
				C44E3A1F1F346D1600C78E37 /* Sources */,
				C44E3A201F346D1600C78E37 /* Frameworks */,
				C44E3A211F346D1600C78E37 /* Resources */,
				92475BB9C9712AF83EB13D41 /* [CP] Embed Pods Frameworks */,
				73B57776D3B758C3ABA4E600 /* [CP] Copy Pods Resources */,
			);
			buildRules = (
			);
			dependencies = (
				C44E3A251F346D1600C78E37 /* PBXTargetDependency */,
			);
			name = WidgetsTests;
			productName = WidgetsTests;
			productReference = C44E3A231F346D1600C78E37 /* WidgetsTests.xctest */;
			productType = "com.apple.product-type.bundle.unit-test";
		};
		C44E3A2D1F346D1600C78E37 /* WidgetsUITests */ = {
			isa = PBXNativeTarget;
			buildConfigurationList = C44E3A3D1F346D1600C78E37 /* Build configuration list for PBXNativeTarget "WidgetsUITests" */;
			buildPhases = (
				6027C3EF4E87D2C914A9E608 /* [CP] Check Pods Manifest.lock */,
				C44E3A2A1F346D1600C78E37 /* Sources */,
				C44E3A2B1F346D1600C78E37 /* Frameworks */,
				C44E3A2C1F346D1600C78E37 /* Resources */,
				C85FD4CC31A7D7DB318E1A37 /* [CP] Embed Pods Frameworks */,
				71CF611527A928A1DC81C982 /* [CP] Copy Pods Resources */,
			);
			buildRules = (
			);
			dependencies = (
				C44E3A301F346D1600C78E37 /* PBXTargetDependency */,
			);
			name = WidgetsUITests;
			productName = WidgetsUITests;
			productReference = C44E3A2E1F346D1600C78E37 /* WidgetsUITests.xctest */;
			productType = "com.apple.product-type.bundle.ui-testing";
		};
/* End PBXNativeTarget section */

/* Begin PBXProject section */
		C44E3A021F346D1600C78E37 /* Project object */ = {
			isa = PBXProject;
			attributes = {
				CLASSPREFIX = EG;
				LastUpgradeCheck = 0830;
				ORGANIZATIONNAME = EGMade;
				TargetAttributes = {
					C44E3A091F346D1600C78E37 = {
						CreatedOnToolsVersion = 8.3.3;
						DevelopmentTeam = 8PLB35PLP3;
						ProvisioningStyle = Automatic;
					};
					C44E3A221F346D1600C78E37 = {
						CreatedOnToolsVersion = 8.3.3;
						DevelopmentTeam = 3RQ4UGLT33;
						ProvisioningStyle = Automatic;
						TestTargetID = C44E3A091F346D1600C78E37;
					};
					C44E3A2D1F346D1600C78E37 = {
						CreatedOnToolsVersion = 8.3.3;
						DevelopmentTeam = 3RQ4UGLT33;
						ProvisioningStyle = Automatic;
						TestTargetID = C44E3A091F346D1600C78E37;
					};
				};
			};
			buildConfigurationList = C44E3A051F346D1600C78E37 /* Build configuration list for PBXProject "Widgets" */;
			compatibilityVersion = "Xcode 3.2";
			developmentRegion = English;
			hasScannedForEncodings = 0;
			knownRegions = (
				en,
				Base,
			);
			mainGroup = C44E3A011F346D1600C78E37;
			productRefGroup = C44E3A0B1F346D1600C78E37 /* Products */;
			projectDirPath = "";
			projectRoot = "";
			targets = (
				C44E3A091F346D1600C78E37 /* Widgets */,
				C44E3A221F346D1600C78E37 /* WidgetsTests */,
				C44E3A2D1F346D1600C78E37 /* WidgetsUITests */,
			);
		};
/* End PBXProject section */

/* Begin PBXResourcesBuildPhase section */
		C44E3A081F346D1600C78E37 /* Resources */ = {
			isa = PBXResourcesBuildPhase;
			buildActionMask = 2147483647;
			files = (
				C45631621F5680C8002164FE /* EGMixAudioViewController.xib in Resources */,
				C4EC487F1F355F1000942884 /* Main.storyboard in Resources */,
				C4553AA31F57E08100437E31 /* EGVideoCaptureViewController.xib in Resources */,
				C47C6F331F514D5C00F7F653 /* EGImageSizeViewController.xib in Resources */,
				C47C6F411F514E8C00F7F653 /* scenery1.jpg in Resources */,
				C47C6F451F5150EF00F7F653 /* scenery2.jpg in Resources */,
				C47C6F421F514E8C00F7F653 /* scenery3.jpg in Resources */,
				C45631691F56832D002164FE /* Audio2.mp3 in Resources */,
				C44E3A1D1F346D1600C78E37 /* LaunchScreen.storyboard in Resources */,
				C4553AB51F57EA0700437E31 /* Shader.fsh in Resources */,
				C4553AB61F57EA0700437E31 /* Shader.vsh in Resources */,
				C44E3A1A1F346D1600C78E37 /* Assets.xcassets in Resources */,
			);
			runOnlyForDeploymentPostprocessing = 0;
		};
		C44E3A211F346D1600C78E37 /* Resources */ = {
			isa = PBXResourcesBuildPhase;
			buildActionMask = 2147483647;
			files = (
			);
			runOnlyForDeploymentPostprocessing = 0;
		};
		C44E3A2C1F346D1600C78E37 /* Resources */ = {
			isa = PBXResourcesBuildPhase;
			buildActionMask = 2147483647;
			files = (
			);
			runOnlyForDeploymentPostprocessing = 0;
		};
/* End PBXResourcesBuildPhase section */

/* Begin PBXShellScriptBuildPhase section */
		143B1AE4C5044E2B9600DBEE /* [CP] Copy Pods Resources */ = {
			isa = PBXShellScriptBuildPhase;
			buildActionMask = 2147483647;
			files = (
			);
			inputPaths = (
			);
			name = "[CP] Copy Pods Resources";
			outputPaths = (
			);
			runOnlyForDeploymentPostprocessing = 0;
			shellPath = /bin/sh;
			shellScript = "\"${SRCROOT}/Pods/Target Support Files/Pods-Widgets/Pods-Widgets-resources.sh\"\n";
			showEnvVarsInLog = 0;
		};
		4A1B89694376E7FCA3FF5695 /* [CP] Embed Pods Frameworks */ = {
			isa = PBXShellScriptBuildPhase;
			buildActionMask = 2147483647;
			files = (
			);
			inputPaths = (
			);
			name = "[CP] Embed Pods Frameworks";
			outputPaths = (
			);
			runOnlyForDeploymentPostprocessing = 0;
			shellPath = /bin/sh;
			shellScript = "\"${SRCROOT}/Pods/Target Support Files/Pods-Widgets/Pods-Widgets-frameworks.sh\"\n";
			showEnvVarsInLog = 0;
		};
		6027C3EF4E87D2C914A9E608 /* [CP] Check Pods Manifest.lock */ = {
			isa = PBXShellScriptBuildPhase;
			buildActionMask = 2147483647;
			files = (
			);
			inputPaths = (
			);
			name = "[CP] Check Pods Manifest.lock";
			outputPaths = (
			);
			runOnlyForDeploymentPostprocessing = 0;
			shellPath = /bin/sh;
			shellScript = "diff \"${PODS_ROOT}/../Podfile.lock\" \"${PODS_ROOT}/Manifest.lock\" > /dev/null\nif [ $? != 0 ] ; then\n    # print error to STDERR\n    echo \"error: The sandbox is not in sync with the Podfile.lock. Run 'pod install' or update your CocoaPods installation.\" >&2\n    exit 1\nfi\n";
			showEnvVarsInLog = 0;
		};
		71CF611527A928A1DC81C982 /* [CP] Copy Pods Resources */ = {
			isa = PBXShellScriptBuildPhase;
			buildActionMask = 2147483647;
			files = (
			);
			inputPaths = (
			);
			name = "[CP] Copy Pods Resources";
			outputPaths = (
			);
			runOnlyForDeploymentPostprocessing = 0;
			shellPath = /bin/sh;
			shellScript = "\"${SRCROOT}/Pods/Target Support Files/Pods-WidgetsUITests/Pods-WidgetsUITests-resources.sh\"\n";
			showEnvVarsInLog = 0;
		};
		7219A4A0ADFC02AD648A9EC2 /* [CP] Check Pods Manifest.lock */ = {
			isa = PBXShellScriptBuildPhase;
			buildActionMask = 2147483647;
			files = (
			);
			inputPaths = (
			);
			name = "[CP] Check Pods Manifest.lock";
			outputPaths = (
			);
			runOnlyForDeploymentPostprocessing = 0;
			shellPath = /bin/sh;
			shellScript = "diff \"${PODS_ROOT}/../Podfile.lock\" \"${PODS_ROOT}/Manifest.lock\" > /dev/null\nif [ $? != 0 ] ; then\n    # print error to STDERR\n    echo \"error: The sandbox is not in sync with the Podfile.lock. Run 'pod install' or update your CocoaPods installation.\" >&2\n    exit 1\nfi\n";
			showEnvVarsInLog = 0;
		};
		73B57776D3B758C3ABA4E600 /* [CP] Copy Pods Resources */ = {
			isa = PBXShellScriptBuildPhase;
			buildActionMask = 2147483647;
			files = (
			);
			inputPaths = (
			);
			name = "[CP] Copy Pods Resources";
			outputPaths = (
			);
			runOnlyForDeploymentPostprocessing = 0;
			shellPath = /bin/sh;
			shellScript = "\"${SRCROOT}/Pods/Target Support Files/Pods-WidgetsTests/Pods-WidgetsTests-resources.sh\"\n";
			showEnvVarsInLog = 0;
		};
		92475BB9C9712AF83EB13D41 /* [CP] Embed Pods Frameworks */ = {
			isa = PBXShellScriptBuildPhase;
			buildActionMask = 2147483647;
			files = (
			);
			inputPaths = (
			);
			name = "[CP] Embed Pods Frameworks";
			outputPaths = (
			);
			runOnlyForDeploymentPostprocessing = 0;
			shellPath = /bin/sh;
			shellScript = "\"${SRCROOT}/Pods/Target Support Files/Pods-WidgetsTests/Pods-WidgetsTests-frameworks.sh\"\n";
			showEnvVarsInLog = 0;
		};
		C85FD4CC31A7D7DB318E1A37 /* [CP] Embed Pods Frameworks */ = {
			isa = PBXShellScriptBuildPhase;
			buildActionMask = 2147483647;
			files = (
			);
			inputPaths = (
			);
			name = "[CP] Embed Pods Frameworks";
			outputPaths = (
			);
			runOnlyForDeploymentPostprocessing = 0;
			shellPath = /bin/sh;
			shellScript = "\"${SRCROOT}/Pods/Target Support Files/Pods-WidgetsUITests/Pods-WidgetsUITests-frameworks.sh\"\n";
			showEnvVarsInLog = 0;
		};
		E83067E5DF598D7BFC3BCEDD /* [CP] Check Pods Manifest.lock */ = {
			isa = PBXShellScriptBuildPhase;
			buildActionMask = 2147483647;
			files = (
			);
			inputPaths = (
			);
			name = "[CP] Check Pods Manifest.lock";
			outputPaths = (
			);
			runOnlyForDeploymentPostprocessing = 0;
			shellPath = /bin/sh;
			shellScript = "diff \"${PODS_ROOT}/../Podfile.lock\" \"${PODS_ROOT}/Manifest.lock\" > /dev/null\nif [ $? != 0 ] ; then\n    # print error to STDERR\n    echo \"error: The sandbox is not in sync with the Podfile.lock. Run 'pod install' or update your CocoaPods installation.\" >&2\n    exit 1\nfi\n";
			showEnvVarsInLog = 0;
		};
/* End PBXShellScriptBuildPhase section */

/* Begin PBXSourcesBuildPhase section */
		C44E3A061F346D1600C78E37 /* Sources */ = {
			isa = PBXSourcesBuildPhase;
			buildActionMask = 2147483647;
			files = (
				C456315F1F5680B5002164FE /* EGMixAudioViewController.m in Sources */,
				C4553AA61F57E48600437E31 /* EGOpenGLView.m in Sources */,
				C499EF531F35989A003F06E6 /* GradientPeogressView.m in Sources */,
				C4EC48751F355E8D00942884 /* AppDelegate.m in Sources */,
				C44013341F4B040E00BCC13E /* EGCATextLayerController.m in Sources */,
				C4CDA64E1F53F15B005150A6 /* EGMicroPhoneHelper.m in Sources */,
				C4CDA6441F53E26D005150A6 /* EGWaveViewController.m in Sources */,
				C4CDA64B1F53EFA5005150A6 /* EGMicroPhoneViewController.m in Sources */,
				C4553AA11F57E07000437E31 /* EGVideoCaptureViewController.m in Sources */,
				C4EC48761F355E8D00942884 /* UIView+Extension.m in Sources */,
				C4EC48771F355E8D00942884 /* EGBasicViewController.m in Sources */,
				C499EF501F35965C003F06E6 /* EGIndicatorViewController.m in Sources */,
				C4EC48781F355E8D00942884 /* ViewController.m in Sources */,
				C499EF4D1F356D71003F06E6 /* EGTestViewController.m in Sources */,
				C45631601F5680B5002164FE /* EGMixVideoViewController.m in Sources */,
				C4A300111F4E766500D23587 /* WRImageHelper.m in Sources */,
				C499EF561F35993F003F06E6 /* UIColor+PDExtension.m in Sources */,
				C4CDA6471F53E283005150A6 /* EGWaveView.m in Sources */,
				C47C6F321F514D5C00F7F653 /* EGImageSizeViewController.m in Sources */,
				C4A300121F4E766500D23587 /* WRNavigationBar.m in Sources */,
				C464AD0D1F3EC4D400341AAF /* EGNaviBarViewController.m in Sources */,
				C4EC48811F356BB100942884 /* EGSeperateScrollViewController.m in Sources */,
				C4CDA6591F544548005150A6 /* EGMixAudioVideoViewController.m in Sources */,
				C47C6F4B1F515AF100F7F653 /* UIImage+Resize.m in Sources */,
				C4EC487B1F355E8D00942884 /* main.m in Sources */,
			);
			runOnlyForDeploymentPostprocessing = 0;
		};
		C44E3A1F1F346D1600C78E37 /* Sources */ = {
			isa = PBXSourcesBuildPhase;
			buildActionMask = 2147483647;
			files = (
				C44E3A281F346D1600C78E37 /* WidgetsTests.m in Sources */,
			);
			runOnlyForDeploymentPostprocessing = 0;
		};
		C44E3A2A1F346D1600C78E37 /* Sources */ = {
			isa = PBXSourcesBuildPhase;
			buildActionMask = 2147483647;
			files = (
				C44E3A331F346D1600C78E37 /* WidgetsUITests.m in Sources */,
			);
			runOnlyForDeploymentPostprocessing = 0;
		};
/* End PBXSourcesBuildPhase section */

/* Begin PBXTargetDependency section */
		C44E3A251F346D1600C78E37 /* PBXTargetDependency */ = {
			isa = PBXTargetDependency;
			target = C44E3A091F346D1600C78E37 /* Widgets */;
			targetProxy = C44E3A241F346D1600C78E37 /* PBXContainerItemProxy */;
		};
		C44E3A301F346D1600C78E37 /* PBXTargetDependency */ = {
			isa = PBXTargetDependency;
			target = C44E3A091F346D1600C78E37 /* Widgets */;
			targetProxy = C44E3A2F1F346D1600C78E37 /* PBXContainerItemProxy */;
		};
/* End PBXTargetDependency section */

/* Begin PBXVariantGroup section */
		C44E3A1B1F346D1600C78E37 /* LaunchScreen.storyboard */ = {
			isa = PBXVariantGroup;
			children = (
				C44E3A1C1F346D1600C78E37 /* Base */,
			);
			name = LaunchScreen.storyboard;
			sourceTree = "<group>";
		};
/* End PBXVariantGroup section */

/* Begin XCBuildConfiguration section */
		C44E3A351F346D1600C78E37 /* Debug */ = {
			isa = XCBuildConfiguration;
			buildSettings = {
				ALWAYS_SEARCH_USER_PATHS = NO;
				CLANG_ANALYZER_NONNULL = YES;
				CLANG_ANALYZER_NUMBER_OBJECT_CONVERSION = YES_AGGRESSIVE;
				CLANG_CXX_LANGUAGE_STANDARD = "gnu++0x";
				CLANG_CXX_LIBRARY = "libc++";
				CLANG_ENABLE_MODULES = YES;
				CLANG_ENABLE_OBJC_ARC = YES;
				CLANG_WARN_BOOL_CONVERSION = YES;
				CLANG_WARN_CONSTANT_CONVERSION = YES;
				CLANG_WARN_DIRECT_OBJC_ISA_USAGE = YES_ERROR;
				CLANG_WARN_DOCUMENTATION_COMMENTS = YES;
				CLANG_WARN_EMPTY_BODY = YES;
				CLANG_WARN_ENUM_CONVERSION = YES;
				CLANG_WARN_INFINITE_RECURSION = YES;
				CLANG_WARN_INT_CONVERSION = YES;
				CLANG_WARN_OBJC_ROOT_CLASS = YES_ERROR;
				CLANG_WARN_SUSPICIOUS_MOVE = YES;
				CLANG_WARN_UNREACHABLE_CODE = YES;
				CLANG_WARN__DUPLICATE_METHOD_MATCH = YES;
				"CODE_SIGN_IDENTITY[sdk=iphoneos*]" = "iPhone Developer";
				COPY_PHASE_STRIP = NO;
				DEBUG_INFORMATION_FORMAT = dwarf;
				ENABLE_STRICT_OBJC_MSGSEND = YES;
				ENABLE_TESTABILITY = YES;
				GCC_C_LANGUAGE_STANDARD = gnu99;
				GCC_DYNAMIC_NO_PIC = NO;
				GCC_NO_COMMON_BLOCKS = YES;
				GCC_OPTIMIZATION_LEVEL = 0;
				GCC_PREPROCESSOR_DEFINITIONS = (
					"DEBUG=1",
					"$(inherited)",
				);
				GCC_WARN_64_TO_32_BIT_CONVERSION = YES;
				GCC_WARN_ABOUT_RETURN_TYPE = YES_ERROR;
				GCC_WARN_UNDECLARED_SELECTOR = YES;
				GCC_WARN_UNINITIALIZED_AUTOS = YES_AGGRESSIVE;
				GCC_WARN_UNUSED_FUNCTION = YES;
				GCC_WARN_UNUSED_VARIABLE = YES;
				IPHONEOS_DEPLOYMENT_TARGET = 10.3;
				MTL_ENABLE_DEBUG_INFO = YES;
				ONLY_ACTIVE_ARCH = YES;
				OTHER_LDFLAGS = "";
				SDKROOT = iphoneos;
				VALIDATE_PRODUCT = YES;
			};
			name = Debug;
		};
		C44E3A361F346D1600C78E37 /* Release */ = {
			isa = XCBuildConfiguration;
			buildSettings = {
				ALWAYS_SEARCH_USER_PATHS = NO;
				CLANG_ANALYZER_NONNULL = YES;
				CLANG_ANALYZER_NUMBER_OBJECT_CONVERSION = YES_AGGRESSIVE;
				CLANG_CXX_LANGUAGE_STANDARD = "gnu++0x";
				CLANG_CXX_LIBRARY = "libc++";
				CLANG_ENABLE_MODULES = YES;
				CLANG_ENABLE_OBJC_ARC = YES;
				CLANG_WARN_BOOL_CONVERSION = YES;
				CLANG_WARN_CONSTANT_CONVERSION = YES;
				CLANG_WARN_DIRECT_OBJC_ISA_USAGE = YES_ERROR;
				CLANG_WARN_DOCUMENTATION_COMMENTS = YES;
				CLANG_WARN_EMPTY_BODY = YES;
				CLANG_WARN_ENUM_CONVERSION = YES;
				CLANG_WARN_INFINITE_RECURSION = YES;
				CLANG_WARN_INT_CONVERSION = YES;
				CLANG_WARN_OBJC_ROOT_CLASS = YES_ERROR;
				CLANG_WARN_SUSPICIOUS_MOVE = YES;
				CLANG_WARN_UNREACHABLE_CODE = YES;
				CLANG_WARN__DUPLICATE_METHOD_MATCH = YES;
				"CODE_SIGN_IDENTITY[sdk=iphoneos*]" = "iPhone Developer";
				COPY_PHASE_STRIP = NO;
				DEBUG_INFORMATION_FORMAT = "dwarf-with-dsym";
				ENABLE_NS_ASSERTIONS = NO;
				ENABLE_STRICT_OBJC_MSGSEND = YES;
				GCC_C_LANGUAGE_STANDARD = gnu99;
				GCC_NO_COMMON_BLOCKS = YES;
				GCC_WARN_64_TO_32_BIT_CONVERSION = YES;
				GCC_WARN_ABOUT_RETURN_TYPE = YES_ERROR;
				GCC_WARN_UNDECLARED_SELECTOR = YES;
				GCC_WARN_UNINITIALIZED_AUTOS = YES_AGGRESSIVE;
				GCC_WARN_UNUSED_FUNCTION = YES;
				GCC_WARN_UNUSED_VARIABLE = YES;
				IPHONEOS_DEPLOYMENT_TARGET = 10.3;
				MTL_ENABLE_DEBUG_INFO = NO;
				OTHER_LDFLAGS = "";
				SDKROOT = iphoneos;
				VALIDATE_PRODUCT = YES;
			};
			name = Release;
		};
		C44E3A381F346D1600C78E37 /* Debug */ = {
			isa = XCBuildConfiguration;
			baseConfigurationReference = 481366FA6B0AC55743DAD056 /* Pods-Widgets.debug.xcconfig */;
			buildSettings = {
				ASSETCATALOG_COMPILER_APPICON_NAME = AppIcon;
				"CODE_SIGN_IDENTITY[sdk=iphoneos*]" = "iPhone Developer";
				DEVELOPMENT_TEAM = 8PLB35PLP3;
				GCC_PREFIX_HEADER = PrefixHeader.pch;
				INFOPLIST_FILE = Widgets/Info.plist;
				IPHONEOS_DEPLOYMENT_TARGET = 9.2;
				LD_RUNPATH_SEARCH_PATHS = "$(inherited) @executable_path/Frameworks";
				PRODUCT_BUNDLE_IDENTIFIER = com.evilGoose.Widgets;
				PRODUCT_NAME = "$(TARGET_NAME)";
				PROVISIONING_PROFILE_SPECIFIER = "";
				TARGETED_DEVICE_FAMILY = "1,2";
			};
			name = Debug;
		};
		C44E3A391F346D1600C78E37 /* Release */ = {
			isa = XCBuildConfiguration;
			baseConfigurationReference = F5D075557147398C0943D014 /* Pods-Widgets.release.xcconfig */;
			buildSettings = {
				ASSETCATALOG_COMPILER_APPICON_NAME = AppIcon;
				"CODE_SIGN_IDENTITY[sdk=iphoneos*]" = "iPhone Developer";
				DEVELOPMENT_TEAM = 8PLB35PLP3;
				GCC_PREFIX_HEADER = PrefixHeader.pch;
				INFOPLIST_FILE = Widgets/Info.plist;
				IPHONEOS_DEPLOYMENT_TARGET = 9.2;
				LD_RUNPATH_SEARCH_PATHS = "$(inherited) @executable_path/Frameworks";
				PRODUCT_BUNDLE_IDENTIFIER = com.evilGoose.Widgets;
				PRODUCT_NAME = "$(TARGET_NAME)";
				PROVISIONING_PROFILE_SPECIFIER = "";
				TARGETED_DEVICE_FAMILY = "1,2";
			};
			name = Release;
		};
		C44E3A3B1F346D1600C78E37 /* Debug */ = {
			isa = XCBuildConfiguration;
			baseConfigurationReference = 23BFD7B42A8E4D12147BDC96 /* Pods-WidgetsTests.debug.xcconfig */;
			buildSettings = {
				BUNDLE_LOADER = "$(TEST_HOST)";
				DEVELOPMENT_TEAM = 3RQ4UGLT33;
				INFOPLIST_FILE = WidgetsTests/Info.plist;
				LD_RUNPATH_SEARCH_PATHS = "$(inherited) @executable_path/Frameworks @loader_path/Frameworks";
				PRODUCT_BUNDLE_IDENTIFIER = com.evilGoose.WidgetsTests;
				PRODUCT_NAME = "$(TARGET_NAME)";
				TEST_HOST = "$(BUILT_PRODUCTS_DIR)/Widgets.app/Widgets";
			};
			name = Debug;
		};
		C44E3A3C1F346D1600C78E37 /* Release */ = {
			isa = XCBuildConfiguration;
			baseConfigurationReference = 27F6095DF38907AA063CDC56 /* Pods-WidgetsTests.release.xcconfig */;
			buildSettings = {
				BUNDLE_LOADER = "$(TEST_HOST)";
				DEVELOPMENT_TEAM = 3RQ4UGLT33;
				INFOPLIST_FILE = WidgetsTests/Info.plist;
				LD_RUNPATH_SEARCH_PATHS = "$(inherited) @executable_path/Frameworks @loader_path/Frameworks";
				PRODUCT_BUNDLE_IDENTIFIER = com.evilGoose.WidgetsTests;
				PRODUCT_NAME = "$(TARGET_NAME)";
				TEST_HOST = "$(BUILT_PRODUCTS_DIR)/Widgets.app/Widgets";
			};
			name = Release;
		};
		C44E3A3E1F346D1600C78E37 /* Debug */ = {
			isa = XCBuildConfiguration;
			baseConfigurationReference = 15F0DEE3BCB54B15778815B8 /* Pods-WidgetsUITests.debug.xcconfig */;
			buildSettings = {
				DEVELOPMENT_TEAM = 3RQ4UGLT33;
				INFOPLIST_FILE = WidgetsUITests/Info.plist;
				LD_RUNPATH_SEARCH_PATHS = "$(inherited) @executable_path/Frameworks @loader_path/Frameworks";
				PRODUCT_BUNDLE_IDENTIFIER = com.evilGoose.WidgetsUITests;
				PRODUCT_NAME = "$(TARGET_NAME)";
				TEST_TARGET_NAME = Widgets;
			};
			name = Debug;
		};
		C44E3A3F1F346D1600C78E37 /* Release */ = {
			isa = XCBuildConfiguration;
			baseConfigurationReference = 3C095E3689F97A29EF51E993 /* Pods-WidgetsUITests.release.xcconfig */;
			buildSettings = {
				DEVELOPMENT_TEAM = 3RQ4UGLT33;
				INFOPLIST_FILE = WidgetsUITests/Info.plist;
				LD_RUNPATH_SEARCH_PATHS = "$(inherited) @executable_path/Frameworks @loader_path/Frameworks";
				PRODUCT_BUNDLE_IDENTIFIER = com.evilGoose.WidgetsUITests;
				PRODUCT_NAME = "$(TARGET_NAME)";
				TEST_TARGET_NAME = Widgets;
			};
			name = Release;
		};
/* End XCBuildConfiguration section */

/* Begin XCConfigurationList section */
		C44E3A051F346D1600C78E37 /* Build configuration list for PBXProject "Widgets" */ = {
			isa = XCConfigurationList;
			buildConfigurations = (
				C44E3A351F346D1600C78E37 /* Debug */,
				C44E3A361F346D1600C78E37 /* Release */,
			);
			defaultConfigurationIsVisible = 0;
			defaultConfigurationName = Release;
		};
		C44E3A371F346D1600C78E37 /* Build configuration list for PBXNativeTarget "Widgets" */ = {
			isa = XCConfigurationList;
			buildConfigurations = (
				C44E3A381F346D1600C78E37 /* Debug */,
				C44E3A391F346D1600C78E37 /* Release */,
			);
			defaultConfigurationIsVisible = 0;
			defaultConfigurationName = Release;
		};
		C44E3A3A1F346D1600C78E37 /* Build configuration list for PBXNativeTarget "WidgetsTests" */ = {
			isa = XCConfigurationList;
			buildConfigurations = (
				C44E3A3B1F346D1600C78E37 /* Debug */,
				C44E3A3C1F346D1600C78E37 /* Release */,
			);
			defaultConfigurationIsVisible = 0;
			defaultConfigurationName = Release;
		};
		C44E3A3D1F346D1600C78E37 /* Build configuration list for PBXNativeTarget "WidgetsUITests" */ = {
			isa = XCConfigurationList;
			buildConfigurations = (
				C44E3A3E1F346D1600C78E37 /* Debug */,
				C44E3A3F1F346D1600C78E37 /* Release */,
			);
			defaultConfigurationIsVisible = 0;
			defaultConfigurationName = Release;
		};
/* End XCConfigurationList section */
	};
	rootObject = C44E3A021F346D1600C78E37 /* Project object */;
}
